// !$*UTF8*$!
{
	archiveVersion = 1;
	classes = {
	};
	objectVersion = 46;
	objects = {

/* Begin PBXBuildFile section */
		12BD0B1013DA062C0039ACAC /* QuartzCore.framework in Frameworks */ = {isa = PBXBuildFile; fileRef = 12BD0B0F13DA062C0039ACAC /* QuartzCore.framework */; };
		12BD0B1213DA062C0039ACAC /* OpenGLES.framework in Frameworks */ = {isa = PBXBuildFile; fileRef = 12BD0B1113DA062C0039ACAC /* OpenGLES.framework */; };
		12BD0B1413DA062C0039ACAC /* OpenAL.framework in Frameworks */ = {isa = PBXBuildFile; fileRef = 12BD0B1313DA062C0039ACAC /* OpenAL.framework */; };
		12BD0B1613DA062C0039ACAC /* AudioToolbox.framework in Frameworks */ = {isa = PBXBuildFile; fileRef = 12BD0B1513DA062C0039ACAC /* AudioToolbox.framework */; };
		12BD0B1813DA062C0039ACAC /* AVFoundation.framework in Frameworks */ = {isa = PBXBuildFile; fileRef = 12BD0B1713DA062C0039ACAC /* AVFoundation.framework */; };
		12BD0B1A13DA062C0039ACAC /* UIKit.framework in Frameworks */ = {isa = PBXBuildFile; fileRef = 12BD0B1913DA062C0039ACAC /* UIKit.framework */; };
		12BD0B1C13DA062C0039ACAC /* Foundation.framework in Frameworks */ = {isa = PBXBuildFile; fileRef = 12BD0B1B13DA062C0039ACAC /* Foundation.framework */; };
		12BD0B1E13DA062C0039ACAC /* CoreGraphics.framework in Frameworks */ = {isa = PBXBuildFile; fileRef = 12BD0B1D13DA062C0039ACAC /* CoreGraphics.framework */; };
		12BD0B2213DA062C0039ACAC /* Default.png in Resources */ = {isa = PBXBuildFile; fileRef = 12BD0B2113DA062C0039ACAC /* Default.png */; };
		12BD0B2413DA062C0039ACAC /* fps_images.png in Resources */ = {isa = PBXBuildFile; fileRef = 12BD0B2313DA062C0039ACAC /* fps_images.png */; };
		12BD0B2613DA062C0039ACAC /* Icon-72.png in Resources */ = {isa = PBXBuildFile; fileRef = 12BD0B2513DA062C0039ACAC /* Icon-72.png */; };
		12BD0B2813DA062C0039ACAC /* Icon-Small-50.png in Resources */ = {isa = PBXBuildFile; fileRef = 12BD0B2713DA062C0039ACAC /* Icon-Small-50.png */; };
		12BD0B2A13DA062C0039ACAC /* Icon-Small.png in Resources */ = {isa = PBXBuildFile; fileRef = 12BD0B2913DA062C0039ACAC /* Icon-Small.png */; };
		12BD0B2C13DA062C0039ACAC /* Icon-Small@2x.png in Resources */ = {isa = PBXBuildFile; fileRef = 12BD0B2B13DA062C0039ACAC /* Icon-Small@2x.png */; };
		12BD0B2E13DA062D0039ACAC /* Icon.png in Resources */ = {isa = PBXBuildFile; fileRef = 12BD0B2D13DA062C0039ACAC /* Icon.png */; };
		12BD0B3013DA062D0039ACAC /* Icon@2x.png in Resources */ = {isa = PBXBuildFile; fileRef = 12BD0B2F13DA062D0039ACAC /* Icon@2x.png */; };
		12BD0B3313DA062D0039ACAC /* iTunesArtwork in Resources */ = {isa = PBXBuildFile; fileRef = 12BD0B3213DA062D0039ACAC /* iTunesArtwork */; };
		12BD0B3813DA062D0039ACAC /* CCAction.m in Sources */ = {isa = PBXBuildFile; fileRef = 12BD0B3713DA062D0039ACAC /* CCAction.m */; };
		12BD0B3B13DA062D0039ACAC /* CCActionCamera.m in Sources */ = {isa = PBXBuildFile; fileRef = 12BD0B3A13DA062D0039ACAC /* CCActionCamera.m */; };
		12BD0B3E13DA062D0039ACAC /* CCActionEase.m in Sources */ = {isa = PBXBuildFile; fileRef = 12BD0B3D13DA062D0039ACAC /* CCActionEase.m */; };
		12BD0B4113DA062D0039ACAC /* CCActionGrid.m in Sources */ = {isa = PBXBuildFile; fileRef = 12BD0B4013DA062D0039ACAC /* CCActionGrid.m */; };
		12BD0B4413DA062D0039ACAC /* CCActionGrid3D.m in Sources */ = {isa = PBXBuildFile; fileRef = 12BD0B4313DA062D0039ACAC /* CCActionGrid3D.m */; };
		12BD0B4713DA062D0039ACAC /* CCActionInstant.m in Sources */ = {isa = PBXBuildFile; fileRef = 12BD0B4613DA062D0039ACAC /* CCActionInstant.m */; };
		12BD0B4A13DA062D0039ACAC /* CCActionInterval.m in Sources */ = {isa = PBXBuildFile; fileRef = 12BD0B4913DA062D0039ACAC /* CCActionInterval.m */; };
		12BD0B4D13DA062D0039ACAC /* CCActionManager.m in Sources */ = {isa = PBXBuildFile; fileRef = 12BD0B4C13DA062D0039ACAC /* CCActionManager.m */; };
		12BD0B5013DA062D0039ACAC /* CCActionPageTurn3D.m in Sources */ = {isa = PBXBuildFile; fileRef = 12BD0B4F13DA062D0039ACAC /* CCActionPageTurn3D.m */; };
		12BD0B5313DA062D0039ACAC /* CCActionProgressTimer.m in Sources */ = {isa = PBXBuildFile; fileRef = 12BD0B5213DA062D0039ACAC /* CCActionProgressTimer.m */; };
		12BD0B5613DA062D0039ACAC /* CCActionTiledGrid.m in Sources */ = {isa = PBXBuildFile; fileRef = 12BD0B5513DA062D0039ACAC /* CCActionTiledGrid.m */; };
		12BD0B5913DA062D0039ACAC /* CCActionTween.m in Sources */ = {isa = PBXBuildFile; fileRef = 12BD0B5813DA062D0039ACAC /* CCActionTween.m */; };
		12BD0B5C13DA062D0039ACAC /* CCAnimation.m in Sources */ = {isa = PBXBuildFile; fileRef = 12BD0B5B13DA062D0039ACAC /* CCAnimation.m */; };
		12BD0B5F13DA062D0039ACAC /* CCAnimationCache.m in Sources */ = {isa = PBXBuildFile; fileRef = 12BD0B5E13DA062D0039ACAC /* CCAnimationCache.m */; };
		12BD0B6213DA062D0039ACAC /* CCAtlasNode.m in Sources */ = {isa = PBXBuildFile; fileRef = 12BD0B6113DA062D0039ACAC /* CCAtlasNode.m */; };
		12BD0B6513DA062D0039ACAC /* CCBlockSupport.m in Sources */ = {isa = PBXBuildFile; fileRef = 12BD0B6413DA062D0039ACAC /* CCBlockSupport.m */; };
		12BD0B6813DA062D0039ACAC /* CCCamera.m in Sources */ = {isa = PBXBuildFile; fileRef = 12BD0B6713DA062D0039ACAC /* CCCamera.m */; };
		12BD0B6C13DA062D0039ACAC /* CCConfiguration.m in Sources */ = {isa = PBXBuildFile; fileRef = 12BD0B6B13DA062D0039ACAC /* CCConfiguration.m */; };
		12BD0B6F13DA062D0039ACAC /* CCDirector.m in Sources */ = {isa = PBXBuildFile; fileRef = 12BD0B6E13DA062D0039ACAC /* CCDirector.m */; };
		12BD0B7213DA062D0039ACAC /* CCDrawingPrimitives.m in Sources */ = {isa = PBXBuildFile; fileRef = 12BD0B7113DA062D0039ACAC /* CCDrawingPrimitives.m */; };
		12BD0B7513DA062E0039ACAC /* CCGrabber.m in Sources */ = {isa = PBXBuildFile; fileRef = 12BD0B7413DA062E0039ACAC /* CCGrabber.m */; };
		12BD0B7813DA062E0039ACAC /* CCGrid.m in Sources */ = {isa = PBXBuildFile; fileRef = 12BD0B7713DA062E0039ACAC /* CCGrid.m */; };
		12BD0B7B13DA062E0039ACAC /* CCLabelAtlas.m in Sources */ = {isa = PBXBuildFile; fileRef = 12BD0B7A13DA062E0039ACAC /* CCLabelAtlas.m */; };
		12BD0B7E13DA062E0039ACAC /* CCLabelBMFont.m in Sources */ = {isa = PBXBuildFile; fileRef = 12BD0B7D13DA062E0039ACAC /* CCLabelBMFont.m */; };
		12BD0B8113DA062E0039ACAC /* CCLabelTTF.m in Sources */ = {isa = PBXBuildFile; fileRef = 12BD0B8013DA062E0039ACAC /* CCLabelTTF.m */; };
		12BD0B8413DA062E0039ACAC /* CCLayer.m in Sources */ = {isa = PBXBuildFile; fileRef = 12BD0B8313DA062E0039ACAC /* CCLayer.m */; };
		12BD0B8813DA062E0039ACAC /* CCMenu.m in Sources */ = {isa = PBXBuildFile; fileRef = 12BD0B8713DA062E0039ACAC /* CCMenu.m */; };
		12BD0B8B13DA062E0039ACAC /* CCMenuItem.m in Sources */ = {isa = PBXBuildFile; fileRef = 12BD0B8A13DA062E0039ACAC /* CCMenuItem.m */; };
		12BD0B8E13DA062E0039ACAC /* CCMotionStreak.m in Sources */ = {isa = PBXBuildFile; fileRef = 12BD0B8D13DA062E0039ACAC /* CCMotionStreak.m */; };
		12BD0B9113DA062E0039ACAC /* CCNode.m in Sources */ = {isa = PBXBuildFile; fileRef = 12BD0B9013DA062E0039ACAC /* CCNode.m */; };
		12BD0B9413DA062E0039ACAC /* CCParallaxNode.m in Sources */ = {isa = PBXBuildFile; fileRef = 12BD0B9313DA062E0039ACAC /* CCParallaxNode.m */; };
		12BD0B9713DA062E0039ACAC /* CCParticleExamples.m in Sources */ = {isa = PBXBuildFile; fileRef = 12BD0B9613DA062E0039ACAC /* CCParticleExamples.m */; };
		12BD0B9A13DA062E0039ACAC /* CCParticleSystem.m in Sources */ = {isa = PBXBuildFile; fileRef = 12BD0B9913DA062E0039ACAC /* CCParticleSystem.m */; };
		12BD0B9D13DA062E0039ACAC /* CCParticleSystemPoint.m in Sources */ = {isa = PBXBuildFile; fileRef = 12BD0B9C13DA062E0039ACAC /* CCParticleSystemPoint.m */; };
		12BD0BA013DA062E0039ACAC /* CCParticleSystemQuad.m in Sources */ = {isa = PBXBuildFile; fileRef = 12BD0B9F13DA062E0039ACAC /* CCParticleSystemQuad.m */; };
		12BD0BA313DA062E0039ACAC /* CCProgressTimer.m in Sources */ = {isa = PBXBuildFile; fileRef = 12BD0BA213DA062E0039ACAC /* CCProgressTimer.m */; };
		12BD0BA713DA062E0039ACAC /* CCRenderTexture.m in Sources */ = {isa = PBXBuildFile; fileRef = 12BD0BA613DA062E0039ACAC /* CCRenderTexture.m */; };
		12BD0BAA13DA062E0039ACAC /* CCRibbon.m in Sources */ = {isa = PBXBuildFile; fileRef = 12BD0BA913DA062E0039ACAC /* CCRibbon.m */; };
		12BD0BAD13DA062E0039ACAC /* CCScene.m in Sources */ = {isa = PBXBuildFile; fileRef = 12BD0BAC13DA062E0039ACAC /* CCScene.m */; };
		12BD0BB013DA062E0039ACAC /* CCScheduler.m in Sources */ = {isa = PBXBuildFile; fileRef = 12BD0BAF13DA062E0039ACAC /* CCScheduler.m */; };
		12BD0BB313DA062E0039ACAC /* CCSprite.m in Sources */ = {isa = PBXBuildFile; fileRef = 12BD0BB213DA062E0039ACAC /* CCSprite.m */; };
		12BD0BB613DA062E0039ACAC /* CCSpriteBatchNode.m in Sources */ = {isa = PBXBuildFile; fileRef = 12BD0BB513DA062E0039ACAC /* CCSpriteBatchNode.m */; };
		12BD0BB913DA062E0039ACAC /* CCSpriteFrame.m in Sources */ = {isa = PBXBuildFile; fileRef = 12BD0BB813DA062E0039ACAC /* CCSpriteFrame.m */; };
		12BD0BBC13DA062E0039ACAC /* CCSpriteFrameCache.m in Sources */ = {isa = PBXBuildFile; fileRef = 12BD0BBB13DA062E0039ACAC /* CCSpriteFrameCache.m */; };
		12BD0BBF13DA062E0039ACAC /* CCTexture2D.m in Sources */ = {isa = PBXBuildFile; fileRef = 12BD0BBE13DA062E0039ACAC /* CCTexture2D.m */; };
		12BD0BC213DA062E0039ACAC /* CCTextureAtlas.m in Sources */ = {isa = PBXBuildFile; fileRef = 12BD0BC113DA062E0039ACAC /* CCTextureAtlas.m */; };
		12BD0BC513DA062E0039ACAC /* CCTextureCache.m in Sources */ = {isa = PBXBuildFile; fileRef = 12BD0BC413DA062E0039ACAC /* CCTextureCache.m */; };
		12BD0BC813DA062E0039ACAC /* CCTexturePVR.m in Sources */ = {isa = PBXBuildFile; fileRef = 12BD0BC713DA062E0039ACAC /* CCTexturePVR.m */; };
		12BD0BCB13DA062E0039ACAC /* CCTileMapAtlas.m in Sources */ = {isa = PBXBuildFile; fileRef = 12BD0BCA13DA062E0039ACAC /* CCTileMapAtlas.m */; };
		12BD0BCE13DA062E0039ACAC /* CCTMXLayer.m in Sources */ = {isa = PBXBuildFile; fileRef = 12BD0BCD13DA062E0039ACAC /* CCTMXLayer.m */; };
		12BD0BD113DA062E0039ACAC /* CCTMXObjectGroup.m in Sources */ = {isa = PBXBuildFile; fileRef = 12BD0BD013DA062E0039ACAC /* CCTMXObjectGroup.m */; };
		12BD0BD413DA062E0039ACAC /* CCTMXTiledMap.m in Sources */ = {isa = PBXBuildFile; fileRef = 12BD0BD313DA062E0039ACAC /* CCTMXTiledMap.m */; };
		12BD0BD713DA062E0039ACAC /* CCTMXXMLParser.m in Sources */ = {isa = PBXBuildFile; fileRef = 12BD0BD613DA062E0039ACAC /* CCTMXXMLParser.m */; };
		12BD0BDA13DA062F0039ACAC /* CCTransition.m in Sources */ = {isa = PBXBuildFile; fileRef = 12BD0BD913DA062F0039ACAC /* CCTransition.m */; };
		12BD0BDD13DA062F0039ACAC /* CCTransitionPageTurn.m in Sources */ = {isa = PBXBuildFile; fileRef = 12BD0BDC13DA062F0039ACAC /* CCTransitionPageTurn.m */; };
		12BD0BE013DA062F0039ACAC /* CCTransitionRadial.m in Sources */ = {isa = PBXBuildFile; fileRef = 12BD0BDF13DA062F0039ACAC /* CCTransitionRadial.m */; };
		12BD0BE413DA062F0039ACAC /* cocos2d.m in Sources */ = {isa = PBXBuildFile; fileRef = 12BD0BE313DA062F0039ACAC /* cocos2d.m */; };
		12BD0BEB13DA062F0039ACAC /* CCDirectorIOS.m in Sources */ = {isa = PBXBuildFile; fileRef = 12BD0BEA13DA062F0039ACAC /* CCDirectorIOS.m */; };
		12BD0BEF13DA062F0039ACAC /* CCTouchDispatcher.m in Sources */ = {isa = PBXBuildFile; fileRef = 12BD0BEE13DA062F0039ACAC /* CCTouchDispatcher.m */; };
		12BD0BF213DA062F0039ACAC /* CCTouchHandler.m in Sources */ = {isa = PBXBuildFile; fileRef = 12BD0BF113DA062F0039ACAC /* CCTouchHandler.m */; };
		12BD0BF513DA062F0039ACAC /* EAGLView.m in Sources */ = {isa = PBXBuildFile; fileRef = 12BD0BF413DA062F0039ACAC /* EAGLView.m */; };
		12BD0BF813DA062F0039ACAC /* ES1Renderer.m in Sources */ = {isa = PBXBuildFile; fileRef = 12BD0BF713DA062F0039ACAC /* ES1Renderer.m */; };
		12BD0BFB13DA062F0039ACAC /* glu.c in Sources */ = {isa = PBXBuildFile; fileRef = 12BD0BFA13DA062F0039ACAC /* glu.c */; };
		12BD0C0013DA062F0039ACAC /* CCDirectorMac.m in Sources */ = {isa = PBXBuildFile; fileRef = 12BD0BFF13DA062F0039ACAC /* CCDirectorMac.m */; };
		12BD0C0313DA062F0039ACAC /* CCEventDispatcher.m in Sources */ = {isa = PBXBuildFile; fileRef = 12BD0C0213DA062F0039ACAC /* CCEventDispatcher.m */; };
		12BD0C0613DA062F0039ACAC /* MacGLView.m in Sources */ = {isa = PBXBuildFile; fileRef = 12BD0C0513DA062F0039ACAC /* MacGLView.m */; };
		12BD0C0913DA062F0039ACAC /* MacWindow.m in Sources */ = {isa = PBXBuildFile; fileRef = 12BD0C0813DA062F0039ACAC /* MacWindow.m */; };
		12BD0C0C13DA062F0039ACAC /* base64.c in Sources */ = {isa = PBXBuildFile; fileRef = 12BD0C0B13DA062F0039ACAC /* base64.c */; };
		12BD0C1013DA062F0039ACAC /* CCArray.m in Sources */ = {isa = PBXBuildFile; fileRef = 12BD0C0F13DA062F0039ACAC /* CCArray.m */; };
		12BD0C1413DA062F0039ACAC /* CCFileUtils.m in Sources */ = {isa = PBXBuildFile; fileRef = 12BD0C1313DA062F0039ACAC /* CCFileUtils.m */; };
		12BD0C1713DA062F0039ACAC /* CCProfiling.m in Sources */ = {isa = PBXBuildFile; fileRef = 12BD0C1613DA062F0039ACAC /* CCProfiling.m */; };
		12BD0C1913DA062F0039ACAC /* ccUtils.c in Sources */ = {isa = PBXBuildFile; fileRef = 12BD0C1813DA062F0039ACAC /* ccUtils.c */; };
		12BD0C1D13DA062F0039ACAC /* CGPointExtension.m in Sources */ = {isa = PBXBuildFile; fileRef = 12BD0C1C13DA062F0039ACAC /* CGPointExtension.m */; };
		12BD0C2113DA062F0039ACAC /* TGAlib.m in Sources */ = {isa = PBXBuildFile; fileRef = 12BD0C2013DA062F0039ACAC /* TGAlib.m */; };
		12BD0C2413DA062F0039ACAC /* TransformUtils.m in Sources */ = {isa = PBXBuildFile; fileRef = 12BD0C2313DA062F0039ACAC /* TransformUtils.m */; };
		12BD0C2913DA062F0039ACAC /* ZipUtils.m in Sources */ = {isa = PBXBuildFile; fileRef = 12BD0C2813DA062F0039ACAC /* ZipUtils.m */; };
		12BD0C2E13DA062F0039ACAC /* CDAudioManager.m in Sources */ = {isa = PBXBuildFile; fileRef = 12BD0C2D13DA062F0039ACAC /* CDAudioManager.m */; };
		12BD0C3213DA062F0039ACAC /* CDOpenALSupport.m in Sources */ = {isa = PBXBuildFile; fileRef = 12BD0C3113DA062F0039ACAC /* CDOpenALSupport.m */; };
		12BD0C3513DA06300039ACAC /* CocosDenshion.m in Sources */ = {isa = PBXBuildFile; fileRef = 12BD0C3413DA06300039ACAC /* CocosDenshion.m */; };
		12BD0C3813DA06300039ACAC /* SimpleAudioEngine.m in Sources */ = {isa = PBXBuildFile; fileRef = 12BD0C3713DA06300039ACAC /* SimpleAudioEngine.m */; };
		12BD0C3D13DA06300039ACAC /* CLScoreServerPost.m in Sources */ = {isa = PBXBuildFile; fileRef = 12BD0C3C13DA06300039ACAC /* CLScoreServerPost.m */; };
		12BD0C4013DA06300039ACAC /* CLScoreServerRequest.m in Sources */ = {isa = PBXBuildFile; fileRef = 12BD0C3F13DA06300039ACAC /* CLScoreServerRequest.m */; };
		12BD0C4313DA06300039ACAC /* cocoslive.m in Sources */ = {isa = PBXBuildFile; fileRef = 12BD0C4213DA06300039ACAC /* cocoslive.m */; };
		12BD0C4813DA06300039ACAC /* CDataScanner.m in Sources */ = {isa = PBXBuildFile; fileRef = 12BD0C4713DA06300039ACAC /* CDataScanner.m */; };
		12BD0C4C13DA06300039ACAC /* CDataScanner_Extensions.m in Sources */ = {isa = PBXBuildFile; fileRef = 12BD0C4B13DA06300039ACAC /* CDataScanner_Extensions.m */; };
		12BD0C4F13DA06300039ACAC /* NSDictionary_JSONExtensions.m in Sources */ = {isa = PBXBuildFile; fileRef = 12BD0C4E13DA06300039ACAC /* NSDictionary_JSONExtensions.m */; };
		12BD0C5313DA06300039ACAC /* CJSONDeserializer.m in Sources */ = {isa = PBXBuildFile; fileRef = 12BD0C5213DA06300039ACAC /* CJSONDeserializer.m */; };
		12BD0C5613DA06300039ACAC /* CJSONScanner.m in Sources */ = {isa = PBXBuildFile; fileRef = 12BD0C5513DA06300039ACAC /* CJSONScanner.m */; };
		12BD0C5913DA06300039ACAC /* CJSONSerializer.m in Sources */ = {isa = PBXBuildFile; fileRef = 12BD0C5813DA06300039ACAC /* CJSONSerializer.m */; };
		12BD0C5E13DA06300039ACAC /* FontLabel.m in Sources */ = {isa = PBXBuildFile; fileRef = 12BD0C5D13DA06300039ACAC /* FontLabel.m */; };
		12BD0C6113DA06300039ACAC /* FontLabelStringDrawing.m in Sources */ = {isa = PBXBuildFile; fileRef = 12BD0C6013DA06300039ACAC /* FontLabelStringDrawing.m */; };
		12BD0C6413DA06300039ACAC /* FontManager.m in Sources */ = {isa = PBXBuildFile; fileRef = 12BD0C6313DA06300039ACAC /* FontManager.m */; };
		12BD0C6713DA06300039ACAC /* ZAttributedString.m in Sources */ = {isa = PBXBuildFile; fileRef = 12BD0C6613DA06300039ACAC /* ZAttributedString.m */; };
		12BD0C6B13DA06300039ACAC /* ZFont.m in Sources */ = {isa = PBXBuildFile; fileRef = 12BD0C6A13DA06300039ACAC /* ZFont.m */; };
		12BD0C7013DA06300039ACAC /* main.m in Sources */ = {isa = PBXBuildFile; fileRef = 12BD0C6F13DA06300039ACAC /* main.m */; };
		12BD0C7313DA06300039ACAC /* AppDelegate.m in Sources */ = {isa = PBXBuildFile; fileRef = 12BD0C7213DA06300039ACAC /* AppDelegate.m */; };
		12BD0C7613DA06300039ACAC /* RootViewController.m in Sources */ = {isa = PBXBuildFile; fileRef = 12BD0C7513DA06300039ACAC /* RootViewController.m */; };
		12BD0C7913DA06300039ACAC /* HelloWorldLayer.m in Sources */ = {isa = PBXBuildFile; fileRef = 12BD0C7813DA06300039ACAC /* HelloWorldLayer.m */; };
		12BD0C8213DA0A310039ACAC /* nucleus.png in Resources */ = {isa = PBXBuildFile; fileRef = 12BD0C8013DA0A310039ACAC /* nucleus.png */; };
		12BD0C8313DA0A310039ACAC /* electron.png in Resources */ = {isa = PBXBuildFile; fileRef = 12BD0C8113DA0A310039ACAC /* electron.png */; };
		12BD0C8513DA0A7C0039ACAC /* logo.png in Resources */ = {isa = PBXBuildFile; fileRef = 12BD0C8413DA0A7C0039ACAC /* logo.png */; };
/* End PBXBuildFile section */

/* Begin PBXFileReference section */
		12BD0B0B13DA062C0039ACAC /* FreeRadicals.app */ = {isa = PBXFileReference; explicitFileType = wrapper.application; includeInIndex = 0; path = FreeRadicals.app; sourceTree = BUILT_PRODUCTS_DIR; };
		12BD0B0F13DA062C0039ACAC /* QuartzCore.framework */ = {isa = PBXFileReference; lastKnownFileType = wrapper.framework; name = QuartzCore.framework; path = System/Library/Frameworks/QuartzCore.framework; sourceTree = SDKROOT; };
		12BD0B1113DA062C0039ACAC /* OpenGLES.framework */ = {isa = PBXFileReference; lastKnownFileType = wrapper.framework; name = OpenGLES.framework; path = System/Library/Frameworks/OpenGLES.framework; sourceTree = SDKROOT; };
		12BD0B1313DA062C0039ACAC /* OpenAL.framework */ = {isa = PBXFileReference; lastKnownFileType = wrapper.framework; name = OpenAL.framework; path = System/Library/Frameworks/OpenAL.framework; sourceTree = SDKROOT; };
		12BD0B1513DA062C0039ACAC /* AudioToolbox.framework */ = {isa = PBXFileReference; lastKnownFileType = wrapper.framework; name = AudioToolbox.framework; path = System/Library/Frameworks/AudioToolbox.framework; sourceTree = SDKROOT; };
		12BD0B1713DA062C0039ACAC /* AVFoundation.framework */ = {isa = PBXFileReference; lastKnownFileType = wrapper.framework; name = AVFoundation.framework; path = System/Library/Frameworks/AVFoundation.framework; sourceTree = SDKROOT; };
		12BD0B1913DA062C0039ACAC /* UIKit.framework */ = {isa = PBXFileReference; lastKnownFileType = wrapper.framework; name = UIKit.framework; path = System/Library/Frameworks/UIKit.framework; sourceTree = SDKROOT; };
		12BD0B1B13DA062C0039ACAC /* Foundation.framework */ = {isa = PBXFileReference; lastKnownFileType = wrapper.framework; name = Foundation.framework; path = System/Library/Frameworks/Foundation.framework; sourceTree = SDKROOT; };
		12BD0B1D13DA062C0039ACAC /* CoreGraphics.framework */ = {isa = PBXFileReference; lastKnownFileType = wrapper.framework; name = CoreGraphics.framework; path = System/Library/Frameworks/CoreGraphics.framework; sourceTree = SDKROOT; };
		12BD0B2113DA062C0039ACAC /* Default.png */ = {isa = PBXFileReference; lastKnownFileType = image.png; name = Default.png; path = Resources/Default.png; sourceTree = "<group>"; };
		12BD0B2313DA062C0039ACAC /* fps_images.png */ = {isa = PBXFileReference; lastKnownFileType = image.png; name = fps_images.png; path = Resources/fps_images.png; sourceTree = "<group>"; };
		12BD0B2513DA062C0039ACAC /* Icon-72.png */ = {isa = PBXFileReference; lastKnownFileType = image.png; name = "Icon-72.png"; path = "Resources/Icon-72.png"; sourceTree = "<group>"; };
		12BD0B2713DA062C0039ACAC /* Icon-Small-50.png */ = {isa = PBXFileReference; lastKnownFileType = image.png; name = "Icon-Small-50.png"; path = "Resources/Icon-Small-50.png"; sourceTree = "<group>"; };
		12BD0B2913DA062C0039ACAC /* Icon-Small.png */ = {isa = PBXFileReference; lastKnownFileType = image.png; name = "Icon-Small.png"; path = "Resources/Icon-Small.png"; sourceTree = "<group>"; };
		12BD0B2B13DA062C0039ACAC /* Icon-Small@2x.png */ = {isa = PBXFileReference; lastKnownFileType = image.png; name = "Icon-Small@2x.png"; path = "Resources/Icon-Small@2x.png"; sourceTree = "<group>"; };
		12BD0B2D13DA062C0039ACAC /* Icon.png */ = {isa = PBXFileReference; lastKnownFileType = image.png; name = Icon.png; path = Resources/Icon.png; sourceTree = "<group>"; };
		12BD0B2F13DA062D0039ACAC /* Icon@2x.png */ = {isa = PBXFileReference; lastKnownFileType = image.png; name = "Icon@2x.png"; path = "Resources/Icon@2x.png"; sourceTree = "<group>"; };
		12BD0B3113DA062D0039ACAC /* Info.plist */ = {isa = PBXFileReference; lastKnownFileType = text.plist.xml; name = Info.plist; path = Resources/Info.plist; sourceTree = "<group>"; };
		12BD0B3213DA062D0039ACAC /* iTunesArtwork */ = {isa = PBXFileReference; lastKnownFileType = file; name = iTunesArtwork; path = Resources/iTunesArtwork; sourceTree = "<group>"; };
		12BD0B3613DA062D0039ACAC /* CCAction.h */ = {isa = PBXFileReference; lastKnownFileType = sourcecode.c.h; name = CCAction.h; path = libs/cocos2d/CCAction.h; sourceTree = "<group>"; };
		12BD0B3713DA062D0039ACAC /* CCAction.m */ = {isa = PBXFileReference; lastKnownFileType = sourcecode.c.objc; name = CCAction.m; path = libs/cocos2d/CCAction.m; sourceTree = "<group>"; };
		12BD0B3913DA062D0039ACAC /* CCActionCamera.h */ = {isa = PBXFileReference; lastKnownFileType = sourcecode.c.h; name = CCActionCamera.h; path = libs/cocos2d/CCActionCamera.h; sourceTree = "<group>"; };
		12BD0B3A13DA062D0039ACAC /* CCActionCamera.m */ = {isa = PBXFileReference; lastKnownFileType = sourcecode.c.objc; name = CCActionCamera.m; path = libs/cocos2d/CCActionCamera.m; sourceTree = "<group>"; };
		12BD0B3C13DA062D0039ACAC /* CCActionEase.h */ = {isa = PBXFileReference; lastKnownFileType = sourcecode.c.h; name = CCActionEase.h; path = libs/cocos2d/CCActionEase.h; sourceTree = "<group>"; };
		12BD0B3D13DA062D0039ACAC /* CCActionEase.m */ = {isa = PBXFileReference; lastKnownFileType = sourcecode.c.objc; name = CCActionEase.m; path = libs/cocos2d/CCActionEase.m; sourceTree = "<group>"; };
		12BD0B3F13DA062D0039ACAC /* CCActionGrid.h */ = {isa = PBXFileReference; lastKnownFileType = sourcecode.c.h; name = CCActionGrid.h; path = libs/cocos2d/CCActionGrid.h; sourceTree = "<group>"; };
		12BD0B4013DA062D0039ACAC /* CCActionGrid.m */ = {isa = PBXFileReference; lastKnownFileType = sourcecode.c.objc; name = CCActionGrid.m; path = libs/cocos2d/CCActionGrid.m; sourceTree = "<group>"; };
		12BD0B4213DA062D0039ACAC /* CCActionGrid3D.h */ = {isa = PBXFileReference; lastKnownFileType = sourcecode.c.h; name = CCActionGrid3D.h; path = libs/cocos2d/CCActionGrid3D.h; sourceTree = "<group>"; };
		12BD0B4313DA062D0039ACAC /* CCActionGrid3D.m */ = {isa = PBXFileReference; lastKnownFileType = sourcecode.c.objc; name = CCActionGrid3D.m; path = libs/cocos2d/CCActionGrid3D.m; sourceTree = "<group>"; };
		12BD0B4513DA062D0039ACAC /* CCActionInstant.h */ = {isa = PBXFileReference; lastKnownFileType = sourcecode.c.h; name = CCActionInstant.h; path = libs/cocos2d/CCActionInstant.h; sourceTree = "<group>"; };
		12BD0B4613DA062D0039ACAC /* CCActionInstant.m */ = {isa = PBXFileReference; lastKnownFileType = sourcecode.c.objc; name = CCActionInstant.m; path = libs/cocos2d/CCActionInstant.m; sourceTree = "<group>"; };
		12BD0B4813DA062D0039ACAC /* CCActionInterval.h */ = {isa = PBXFileReference; lastKnownFileType = sourcecode.c.h; name = CCActionInterval.h; path = libs/cocos2d/CCActionInterval.h; sourceTree = "<group>"; };
		12BD0B4913DA062D0039ACAC /* CCActionInterval.m */ = {isa = PBXFileReference; lastKnownFileType = sourcecode.c.objc; name = CCActionInterval.m; path = libs/cocos2d/CCActionInterval.m; sourceTree = "<group>"; };
		12BD0B4B13DA062D0039ACAC /* CCActionManager.h */ = {isa = PBXFileReference; lastKnownFileType = sourcecode.c.h; name = CCActionManager.h; path = libs/cocos2d/CCActionManager.h; sourceTree = "<group>"; };
		12BD0B4C13DA062D0039ACAC /* CCActionManager.m */ = {isa = PBXFileReference; lastKnownFileType = sourcecode.c.objc; name = CCActionManager.m; path = libs/cocos2d/CCActionManager.m; sourceTree = "<group>"; };
		12BD0B4E13DA062D0039ACAC /* CCActionPageTurn3D.h */ = {isa = PBXFileReference; lastKnownFileType = sourcecode.c.h; name = CCActionPageTurn3D.h; path = libs/cocos2d/CCActionPageTurn3D.h; sourceTree = "<group>"; };
		12BD0B4F13DA062D0039ACAC /* CCActionPageTurn3D.m */ = {isa = PBXFileReference; lastKnownFileType = sourcecode.c.objc; name = CCActionPageTurn3D.m; path = libs/cocos2d/CCActionPageTurn3D.m; sourceTree = "<group>"; };
		12BD0B5113DA062D0039ACAC /* CCActionProgressTimer.h */ = {isa = PBXFileReference; lastKnownFileType = sourcecode.c.h; name = CCActionProgressTimer.h; path = libs/cocos2d/CCActionProgressTimer.h; sourceTree = "<group>"; };
		12BD0B5213DA062D0039ACAC /* CCActionProgressTimer.m */ = {isa = PBXFileReference; lastKnownFileType = sourcecode.c.objc; name = CCActionProgressTimer.m; path = libs/cocos2d/CCActionProgressTimer.m; sourceTree = "<group>"; };
		12BD0B5413DA062D0039ACAC /* CCActionTiledGrid.h */ = {isa = PBXFileReference; lastKnownFileType = sourcecode.c.h; name = CCActionTiledGrid.h; path = libs/cocos2d/CCActionTiledGrid.h; sourceTree = "<group>"; };
		12BD0B5513DA062D0039ACAC /* CCActionTiledGrid.m */ = {isa = PBXFileReference; lastKnownFileType = sourcecode.c.objc; name = CCActionTiledGrid.m; path = libs/cocos2d/CCActionTiledGrid.m; sourceTree = "<group>"; };
		12BD0B5713DA062D0039ACAC /* CCActionTween.h */ = {isa = PBXFileReference; lastKnownFileType = sourcecode.c.h; name = CCActionTween.h; path = libs/cocos2d/CCActionTween.h; sourceTree = "<group>"; };
		12BD0B5813DA062D0039ACAC /* CCActionTween.m */ = {isa = PBXFileReference; lastKnownFileType = sourcecode.c.objc; name = CCActionTween.m; path = libs/cocos2d/CCActionTween.m; sourceTree = "<group>"; };
		12BD0B5A13DA062D0039ACAC /* CCAnimation.h */ = {isa = PBXFileReference; lastKnownFileType = sourcecode.c.h; name = CCAnimation.h; path = libs/cocos2d/CCAnimation.h; sourceTree = "<group>"; };
		12BD0B5B13DA062D0039ACAC /* CCAnimation.m */ = {isa = PBXFileReference; lastKnownFileType = sourcecode.c.objc; name = CCAnimation.m; path = libs/cocos2d/CCAnimation.m; sourceTree = "<group>"; };
		12BD0B5D13DA062D0039ACAC /* CCAnimationCache.h */ = {isa = PBXFileReference; lastKnownFileType = sourcecode.c.h; name = CCAnimationCache.h; path = libs/cocos2d/CCAnimationCache.h; sourceTree = "<group>"; };
		12BD0B5E13DA062D0039ACAC /* CCAnimationCache.m */ = {isa = PBXFileReference; lastKnownFileType = sourcecode.c.objc; name = CCAnimationCache.m; path = libs/cocos2d/CCAnimationCache.m; sourceTree = "<group>"; };
		12BD0B6013DA062D0039ACAC /* CCAtlasNode.h */ = {isa = PBXFileReference; lastKnownFileType = sourcecode.c.h; name = CCAtlasNode.h; path = libs/cocos2d/CCAtlasNode.h; sourceTree = "<group>"; };
		12BD0B6113DA062D0039ACAC /* CCAtlasNode.m */ = {isa = PBXFileReference; lastKnownFileType = sourcecode.c.objc; name = CCAtlasNode.m; path = libs/cocos2d/CCAtlasNode.m; sourceTree = "<group>"; };
		12BD0B6313DA062D0039ACAC /* CCBlockSupport.h */ = {isa = PBXFileReference; lastKnownFileType = sourcecode.c.h; name = CCBlockSupport.h; path = libs/cocos2d/CCBlockSupport.h; sourceTree = "<group>"; };
		12BD0B6413DA062D0039ACAC /* CCBlockSupport.m */ = {isa = PBXFileReference; lastKnownFileType = sourcecode.c.objc; name = CCBlockSupport.m; path = libs/cocos2d/CCBlockSupport.m; sourceTree = "<group>"; };
		12BD0B6613DA062D0039ACAC /* CCCamera.h */ = {isa = PBXFileReference; lastKnownFileType = sourcecode.c.h; name = CCCamera.h; path = libs/cocos2d/CCCamera.h; sourceTree = "<group>"; };
		12BD0B6713DA062D0039ACAC /* CCCamera.m */ = {isa = PBXFileReference; lastKnownFileType = sourcecode.c.objc; name = CCCamera.m; path = libs/cocos2d/CCCamera.m; sourceTree = "<group>"; };
		12BD0B6913DA062D0039ACAC /* ccConfig.h */ = {isa = PBXFileReference; lastKnownFileType = sourcecode.c.h; name = ccConfig.h; path = libs/cocos2d/ccConfig.h; sourceTree = "<group>"; };
		12BD0B6A13DA062D0039ACAC /* CCConfiguration.h */ = {isa = PBXFileReference; lastKnownFileType = sourcecode.c.h; name = CCConfiguration.h; path = libs/cocos2d/CCConfiguration.h; sourceTree = "<group>"; };
		12BD0B6B13DA062D0039ACAC /* CCConfiguration.m */ = {isa = PBXFileReference; lastKnownFileType = sourcecode.c.objc; name = CCConfiguration.m; path = libs/cocos2d/CCConfiguration.m; sourceTree = "<group>"; };
		12BD0B6D13DA062D0039ACAC /* CCDirector.h */ = {isa = PBXFileReference; lastKnownFileType = sourcecode.c.h; name = CCDirector.h; path = libs/cocos2d/CCDirector.h; sourceTree = "<group>"; };
		12BD0B6E13DA062D0039ACAC /* CCDirector.m */ = {isa = PBXFileReference; lastKnownFileType = sourcecode.c.objc; name = CCDirector.m; path = libs/cocos2d/CCDirector.m; sourceTree = "<group>"; };
		12BD0B7013DA062D0039ACAC /* CCDrawingPrimitives.h */ = {isa = PBXFileReference; lastKnownFileType = sourcecode.c.h; name = CCDrawingPrimitives.h; path = libs/cocos2d/CCDrawingPrimitives.h; sourceTree = "<group>"; };
		12BD0B7113DA062D0039ACAC /* CCDrawingPrimitives.m */ = {isa = PBXFileReference; lastKnownFileType = sourcecode.c.objc; name = CCDrawingPrimitives.m; path = libs/cocos2d/CCDrawingPrimitives.m; sourceTree = "<group>"; };
		12BD0B7313DA062D0039ACAC /* CCGrabber.h */ = {isa = PBXFileReference; lastKnownFileType = sourcecode.c.h; name = CCGrabber.h; path = libs/cocos2d/CCGrabber.h; sourceTree = "<group>"; };
		12BD0B7413DA062E0039ACAC /* CCGrabber.m */ = {isa = PBXFileReference; lastKnownFileType = sourcecode.c.objc; name = CCGrabber.m; path = libs/cocos2d/CCGrabber.m; sourceTree = "<group>"; };
		12BD0B7613DA062E0039ACAC /* CCGrid.h */ = {isa = PBXFileReference; lastKnownFileType = sourcecode.c.h; name = CCGrid.h; path = libs/cocos2d/CCGrid.h; sourceTree = "<group>"; };
		12BD0B7713DA062E0039ACAC /* CCGrid.m */ = {isa = PBXFileReference; lastKnownFileType = sourcecode.c.objc; name = CCGrid.m; path = libs/cocos2d/CCGrid.m; sourceTree = "<group>"; };
		12BD0B7913DA062E0039ACAC /* CCLabelAtlas.h */ = {isa = PBXFileReference; lastKnownFileType = sourcecode.c.h; name = CCLabelAtlas.h; path = libs/cocos2d/CCLabelAtlas.h; sourceTree = "<group>"; };
		12BD0B7A13DA062E0039ACAC /* CCLabelAtlas.m */ = {isa = PBXFileReference; lastKnownFileType = sourcecode.c.objc; name = CCLabelAtlas.m; path = libs/cocos2d/CCLabelAtlas.m; sourceTree = "<group>"; };
		12BD0B7C13DA062E0039ACAC /* CCLabelBMFont.h */ = {isa = PBXFileReference; lastKnownFileType = sourcecode.c.h; name = CCLabelBMFont.h; path = libs/cocos2d/CCLabelBMFont.h; sourceTree = "<group>"; };
		12BD0B7D13DA062E0039ACAC /* CCLabelBMFont.m */ = {isa = PBXFileReference; lastKnownFileType = sourcecode.c.objc; name = CCLabelBMFont.m; path = libs/cocos2d/CCLabelBMFont.m; sourceTree = "<group>"; };
		12BD0B7F13DA062E0039ACAC /* CCLabelTTF.h */ = {isa = PBXFileReference; lastKnownFileType = sourcecode.c.h; name = CCLabelTTF.h; path = libs/cocos2d/CCLabelTTF.h; sourceTree = "<group>"; };
		12BD0B8013DA062E0039ACAC /* CCLabelTTF.m */ = {isa = PBXFileReference; lastKnownFileType = sourcecode.c.objc; name = CCLabelTTF.m; path = libs/cocos2d/CCLabelTTF.m; sourceTree = "<group>"; };
		12BD0B8213DA062E0039ACAC /* CCLayer.h */ = {isa = PBXFileReference; lastKnownFileType = sourcecode.c.h; name = CCLayer.h; path = libs/cocos2d/CCLayer.h; sourceTree = "<group>"; };
		12BD0B8313DA062E0039ACAC /* CCLayer.m */ = {isa = PBXFileReference; lastKnownFileType = sourcecode.c.objc; name = CCLayer.m; path = libs/cocos2d/CCLayer.m; sourceTree = "<group>"; };
		12BD0B8513DA062E0039ACAC /* ccMacros.h */ = {isa = PBXFileReference; lastKnownFileType = sourcecode.c.h; name = ccMacros.h; path = libs/cocos2d/ccMacros.h; sourceTree = "<group>"; };
		12BD0B8613DA062E0039ACAC /* CCMenu.h */ = {isa = PBXFileReference; lastKnownFileType = sourcecode.c.h; name = CCMenu.h; path = libs/cocos2d/CCMenu.h; sourceTree = "<group>"; };
		12BD0B8713DA062E0039ACAC /* CCMenu.m */ = {isa = PBXFileReference; lastKnownFileType = sourcecode.c.objc; name = CCMenu.m; path = libs/cocos2d/CCMenu.m; sourceTree = "<group>"; };
		12BD0B8913DA062E0039ACAC /* CCMenuItem.h */ = {isa = PBXFileReference; lastKnownFileType = sourcecode.c.h; name = CCMenuItem.h; path = libs/cocos2d/CCMenuItem.h; sourceTree = "<group>"; };
		12BD0B8A13DA062E0039ACAC /* CCMenuItem.m */ = {isa = PBXFileReference; lastKnownFileType = sourcecode.c.objc; name = CCMenuItem.m; path = libs/cocos2d/CCMenuItem.m; sourceTree = "<group>"; };
		12BD0B8C13DA062E0039ACAC /* CCMotionStreak.h */ = {isa = PBXFileReference; lastKnownFileType = sourcecode.c.h; name = CCMotionStreak.h; path = libs/cocos2d/CCMotionStreak.h; sourceTree = "<group>"; };
		12BD0B8D13DA062E0039ACAC /* CCMotionStreak.m */ = {isa = PBXFileReference; lastKnownFileType = sourcecode.c.objc; name = CCMotionStreak.m; path = libs/cocos2d/CCMotionStreak.m; sourceTree = "<group>"; };
		12BD0B8F13DA062E0039ACAC /* CCNode.h */ = {isa = PBXFileReference; lastKnownFileType = sourcecode.c.h; name = CCNode.h; path = libs/cocos2d/CCNode.h; sourceTree = "<group>"; };
		12BD0B9013DA062E0039ACAC /* CCNode.m */ = {isa = PBXFileReference; lastKnownFileType = sourcecode.c.objc; name = CCNode.m; path = libs/cocos2d/CCNode.m; sourceTree = "<group>"; };
		12BD0B9213DA062E0039ACAC /* CCParallaxNode.h */ = {isa = PBXFileReference; lastKnownFileType = sourcecode.c.h; name = CCParallaxNode.h; path = libs/cocos2d/CCParallaxNode.h; sourceTree = "<group>"; };
		12BD0B9313DA062E0039ACAC /* CCParallaxNode.m */ = {isa = PBXFileReference; lastKnownFileType = sourcecode.c.objc; name = CCParallaxNode.m; path = libs/cocos2d/CCParallaxNode.m; sourceTree = "<group>"; };
		12BD0B9513DA062E0039ACAC /* CCParticleExamples.h */ = {isa = PBXFileReference; lastKnownFileType = sourcecode.c.h; name = CCParticleExamples.h; path = libs/cocos2d/CCParticleExamples.h; sourceTree = "<group>"; };
		12BD0B9613DA062E0039ACAC /* CCParticleExamples.m */ = {isa = PBXFileReference; lastKnownFileType = sourcecode.c.objc; name = CCParticleExamples.m; path = libs/cocos2d/CCParticleExamples.m; sourceTree = "<group>"; };
		12BD0B9813DA062E0039ACAC /* CCParticleSystem.h */ = {isa = PBXFileReference; lastKnownFileType = sourcecode.c.h; name = CCParticleSystem.h; path = libs/cocos2d/CCParticleSystem.h; sourceTree = "<group>"; };
		12BD0B9913DA062E0039ACAC /* CCParticleSystem.m */ = {isa = PBXFileReference; lastKnownFileType = sourcecode.c.objc; name = CCParticleSystem.m; path = libs/cocos2d/CCParticleSystem.m; sourceTree = "<group>"; };
		12BD0B9B13DA062E0039ACAC /* CCParticleSystemPoint.h */ = {isa = PBXFileReference; lastKnownFileType = sourcecode.c.h; name = CCParticleSystemPoint.h; path = libs/cocos2d/CCParticleSystemPoint.h; sourceTree = "<group>"; };
		12BD0B9C13DA062E0039ACAC /* CCParticleSystemPoint.m */ = {isa = PBXFileReference; lastKnownFileType = sourcecode.c.objc; name = CCParticleSystemPoint.m; path = libs/cocos2d/CCParticleSystemPoint.m; sourceTree = "<group>"; };
		12BD0B9E13DA062E0039ACAC /* CCParticleSystemQuad.h */ = {isa = PBXFileReference; lastKnownFileType = sourcecode.c.h; name = CCParticleSystemQuad.h; path = libs/cocos2d/CCParticleSystemQuad.h; sourceTree = "<group>"; };
		12BD0B9F13DA062E0039ACAC /* CCParticleSystemQuad.m */ = {isa = PBXFileReference; lastKnownFileType = sourcecode.c.objc; name = CCParticleSystemQuad.m; path = libs/cocos2d/CCParticleSystemQuad.m; sourceTree = "<group>"; };
		12BD0BA113DA062E0039ACAC /* CCProgressTimer.h */ = {isa = PBXFileReference; lastKnownFileType = sourcecode.c.h; name = CCProgressTimer.h; path = libs/cocos2d/CCProgressTimer.h; sourceTree = "<group>"; };
		12BD0BA213DA062E0039ACAC /* CCProgressTimer.m */ = {isa = PBXFileReference; lastKnownFileType = sourcecode.c.objc; name = CCProgressTimer.m; path = libs/cocos2d/CCProgressTimer.m; sourceTree = "<group>"; };
		12BD0BA413DA062E0039ACAC /* CCProtocols.h */ = {isa = PBXFileReference; lastKnownFileType = sourcecode.c.h; name = CCProtocols.h; path = libs/cocos2d/CCProtocols.h; sourceTree = "<group>"; };
		12BD0BA513DA062E0039ACAC /* CCRenderTexture.h */ = {isa = PBXFileReference; lastKnownFileType = sourcecode.c.h; name = CCRenderTexture.h; path = libs/cocos2d/CCRenderTexture.h; sourceTree = "<group>"; };
		12BD0BA613DA062E0039ACAC /* CCRenderTexture.m */ = {isa = PBXFileReference; lastKnownFileType = sourcecode.c.objc; name = CCRenderTexture.m; path = libs/cocos2d/CCRenderTexture.m; sourceTree = "<group>"; };
		12BD0BA813DA062E0039ACAC /* CCRibbon.h */ = {isa = PBXFileReference; lastKnownFileType = sourcecode.c.h; name = CCRibbon.h; path = libs/cocos2d/CCRibbon.h; sourceTree = "<group>"; };
		12BD0BA913DA062E0039ACAC /* CCRibbon.m */ = {isa = PBXFileReference; lastKnownFileType = sourcecode.c.objc; name = CCRibbon.m; path = libs/cocos2d/CCRibbon.m; sourceTree = "<group>"; };
		12BD0BAB13DA062E0039ACAC /* CCScene.h */ = {isa = PBXFileReference; lastKnownFileType = sourcecode.c.h; name = CCScene.h; path = libs/cocos2d/CCScene.h; sourceTree = "<group>"; };
		12BD0BAC13DA062E0039ACAC /* CCScene.m */ = {isa = PBXFileReference; lastKnownFileType = sourcecode.c.objc; name = CCScene.m; path = libs/cocos2d/CCScene.m; sourceTree = "<group>"; };
		12BD0BAE13DA062E0039ACAC /* CCScheduler.h */ = {isa = PBXFileReference; lastKnownFileType = sourcecode.c.h; name = CCScheduler.h; path = libs/cocos2d/CCScheduler.h; sourceTree = "<group>"; };
		12BD0BAF13DA062E0039ACAC /* CCScheduler.m */ = {isa = PBXFileReference; lastKnownFileType = sourcecode.c.objc; name = CCScheduler.m; path = libs/cocos2d/CCScheduler.m; sourceTree = "<group>"; };
		12BD0BB113DA062E0039ACAC /* CCSprite.h */ = {isa = PBXFileReference; lastKnownFileType = sourcecode.c.h; name = CCSprite.h; path = libs/cocos2d/CCSprite.h; sourceTree = "<group>"; };
		12BD0BB213DA062E0039ACAC /* CCSprite.m */ = {isa = PBXFileReference; lastKnownFileType = sourcecode.c.objc; name = CCSprite.m; path = libs/cocos2d/CCSprite.m; sourceTree = "<group>"; };
		12BD0BB413DA062E0039ACAC /* CCSpriteBatchNode.h */ = {isa = PBXFileReference; lastKnownFileType = sourcecode.c.h; name = CCSpriteBatchNode.h; path = libs/cocos2d/CCSpriteBatchNode.h; sourceTree = "<group>"; };
		12BD0BB513DA062E0039ACAC /* CCSpriteBatchNode.m */ = {isa = PBXFileReference; lastKnownFileType = sourcecode.c.objc; name = CCSpriteBatchNode.m; path = libs/cocos2d/CCSpriteBatchNode.m; sourceTree = "<group>"; };
		12BD0BB713DA062E0039ACAC /* CCSpriteFrame.h */ = {isa = PBXFileReference; lastKnownFileType = sourcecode.c.h; name = CCSpriteFrame.h; path = libs/cocos2d/CCSpriteFrame.h; sourceTree = "<group>"; };
		12BD0BB813DA062E0039ACAC /* CCSpriteFrame.m */ = {isa = PBXFileReference; lastKnownFileType = sourcecode.c.objc; name = CCSpriteFrame.m; path = libs/cocos2d/CCSpriteFrame.m; sourceTree = "<group>"; };
		12BD0BBA13DA062E0039ACAC /* CCSpriteFrameCache.h */ = {isa = PBXFileReference; lastKnownFileType = sourcecode.c.h; name = CCSpriteFrameCache.h; path = libs/cocos2d/CCSpriteFrameCache.h; sourceTree = "<group>"; };
		12BD0BBB13DA062E0039ACAC /* CCSpriteFrameCache.m */ = {isa = PBXFileReference; lastKnownFileType = sourcecode.c.objc; name = CCSpriteFrameCache.m; path = libs/cocos2d/CCSpriteFrameCache.m; sourceTree = "<group>"; };
		12BD0BBD13DA062E0039ACAC /* CCTexture2D.h */ = {isa = PBXFileReference; lastKnownFileType = sourcecode.c.h; name = CCTexture2D.h; path = libs/cocos2d/CCTexture2D.h; sourceTree = "<group>"; };
		12BD0BBE13DA062E0039ACAC /* CCTexture2D.m */ = {isa = PBXFileReference; lastKnownFileType = sourcecode.c.objc; name = CCTexture2D.m; path = libs/cocos2d/CCTexture2D.m; sourceTree = "<group>"; };
		12BD0BC013DA062E0039ACAC /* CCTextureAtlas.h */ = {isa = PBXFileReference; lastKnownFileType = sourcecode.c.h; name = CCTextureAtlas.h; path = libs/cocos2d/CCTextureAtlas.h; sourceTree = "<group>"; };
		12BD0BC113DA062E0039ACAC /* CCTextureAtlas.m */ = {isa = PBXFileReference; lastKnownFileType = sourcecode.c.objc; name = CCTextureAtlas.m; path = libs/cocos2d/CCTextureAtlas.m; sourceTree = "<group>"; };
		12BD0BC313DA062E0039ACAC /* CCTextureCache.h */ = {isa = PBXFileReference; lastKnownFileType = sourcecode.c.h; name = CCTextureCache.h; path = libs/cocos2d/CCTextureCache.h; sourceTree = "<group>"; };
		12BD0BC413DA062E0039ACAC /* CCTextureCache.m */ = {isa = PBXFileReference; lastKnownFileType = sourcecode.c.objc; name = CCTextureCache.m; path = libs/cocos2d/CCTextureCache.m; sourceTree = "<group>"; };
		12BD0BC613DA062E0039ACAC /* CCTexturePVR.h */ = {isa = PBXFileReference; lastKnownFileType = sourcecode.c.h; name = CCTexturePVR.h; path = libs/cocos2d/CCTexturePVR.h; sourceTree = "<group>"; };
		12BD0BC713DA062E0039ACAC /* CCTexturePVR.m */ = {isa = PBXFileReference; lastKnownFileType = sourcecode.c.objc; name = CCTexturePVR.m; path = libs/cocos2d/CCTexturePVR.m; sourceTree = "<group>"; };
		12BD0BC913DA062E0039ACAC /* CCTileMapAtlas.h */ = {isa = PBXFileReference; lastKnownFileType = sourcecode.c.h; name = CCTileMapAtlas.h; path = libs/cocos2d/CCTileMapAtlas.h; sourceTree = "<group>"; };
		12BD0BCA13DA062E0039ACAC /* CCTileMapAtlas.m */ = {isa = PBXFileReference; lastKnownFileType = sourcecode.c.objc; name = CCTileMapAtlas.m; path = libs/cocos2d/CCTileMapAtlas.m; sourceTree = "<group>"; };
		12BD0BCC13DA062E0039ACAC /* CCTMXLayer.h */ = {isa = PBXFileReference; lastKnownFileType = sourcecode.c.h; name = CCTMXLayer.h; path = libs/cocos2d/CCTMXLayer.h; sourceTree = "<group>"; };
		12BD0BCD13DA062E0039ACAC /* CCTMXLayer.m */ = {isa = PBXFileReference; lastKnownFileType = sourcecode.c.objc; name = CCTMXLayer.m; path = libs/cocos2d/CCTMXLayer.m; sourceTree = "<group>"; };
		12BD0BCF13DA062E0039ACAC /* CCTMXObjectGroup.h */ = {isa = PBXFileReference; lastKnownFileType = sourcecode.c.h; name = CCTMXObjectGroup.h; path = libs/cocos2d/CCTMXObjectGroup.h; sourceTree = "<group>"; };
		12BD0BD013DA062E0039ACAC /* CCTMXObjectGroup.m */ = {isa = PBXFileReference; lastKnownFileType = sourcecode.c.objc; name = CCTMXObjectGroup.m; path = libs/cocos2d/CCTMXObjectGroup.m; sourceTree = "<group>"; };
		12BD0BD213DA062E0039ACAC /* CCTMXTiledMap.h */ = {isa = PBXFileReference; lastKnownFileType = sourcecode.c.h; name = CCTMXTiledMap.h; path = libs/cocos2d/CCTMXTiledMap.h; sourceTree = "<group>"; };
		12BD0BD313DA062E0039ACAC /* CCTMXTiledMap.m */ = {isa = PBXFileReference; lastKnownFileType = sourcecode.c.objc; name = CCTMXTiledMap.m; path = libs/cocos2d/CCTMXTiledMap.m; sourceTree = "<group>"; };
		12BD0BD513DA062E0039ACAC /* CCTMXXMLParser.h */ = {isa = PBXFileReference; lastKnownFileType = sourcecode.c.h; name = CCTMXXMLParser.h; path = libs/cocos2d/CCTMXXMLParser.h; sourceTree = "<group>"; };
		12BD0BD613DA062E0039ACAC /* CCTMXXMLParser.m */ = {isa = PBXFileReference; lastKnownFileType = sourcecode.c.objc; name = CCTMXXMLParser.m; path = libs/cocos2d/CCTMXXMLParser.m; sourceTree = "<group>"; };
		12BD0BD813DA062F0039ACAC /* CCTransition.h */ = {isa = PBXFileReference; lastKnownFileType = sourcecode.c.h; name = CCTransition.h; path = libs/cocos2d/CCTransition.h; sourceTree = "<group>"; };
		12BD0BD913DA062F0039ACAC /* CCTransition.m */ = {isa = PBXFileReference; lastKnownFileType = sourcecode.c.objc; name = CCTransition.m; path = libs/cocos2d/CCTransition.m; sourceTree = "<group>"; };
		12BD0BDB13DA062F0039ACAC /* CCTransitionPageTurn.h */ = {isa = PBXFileReference; lastKnownFileType = sourcecode.c.h; name = CCTransitionPageTurn.h; path = libs/cocos2d/CCTransitionPageTurn.h; sourceTree = "<group>"; };
		12BD0BDC13DA062F0039ACAC /* CCTransitionPageTurn.m */ = {isa = PBXFileReference; lastKnownFileType = sourcecode.c.objc; name = CCTransitionPageTurn.m; path = libs/cocos2d/CCTransitionPageTurn.m; sourceTree = "<group>"; };
		12BD0BDE13DA062F0039ACAC /* CCTransitionRadial.h */ = {isa = PBXFileReference; lastKnownFileType = sourcecode.c.h; name = CCTransitionRadial.h; path = libs/cocos2d/CCTransitionRadial.h; sourceTree = "<group>"; };
		12BD0BDF13DA062F0039ACAC /* CCTransitionRadial.m */ = {isa = PBXFileReference; lastKnownFileType = sourcecode.c.objc; name = CCTransitionRadial.m; path = libs/cocos2d/CCTransitionRadial.m; sourceTree = "<group>"; };
		12BD0BE113DA062F0039ACAC /* ccTypes.h */ = {isa = PBXFileReference; lastKnownFileType = sourcecode.c.h; name = ccTypes.h; path = libs/cocos2d/ccTypes.h; sourceTree = "<group>"; };
		12BD0BE213DA062F0039ACAC /* cocos2d.h */ = {isa = PBXFileReference; lastKnownFileType = sourcecode.c.h; name = cocos2d.h; path = libs/cocos2d/cocos2d.h; sourceTree = "<group>"; };
		12BD0BE313DA062F0039ACAC /* cocos2d.m */ = {isa = PBXFileReference; lastKnownFileType = sourcecode.c.objc; name = cocos2d.m; path = libs/cocos2d/cocos2d.m; sourceTree = "<group>"; };
		12BD0BE613DA062F0039ACAC /* CCGL.h */ = {isa = PBXFileReference; lastKnownFileType = sourcecode.c.h; name = CCGL.h; path = libs/cocos2d/Platforms/CCGL.h; sourceTree = "<group>"; };
		12BD0BE713DA062F0039ACAC /* CCNS.h */ = {isa = PBXFileReference; lastKnownFileType = sourcecode.c.h; name = CCNS.h; path = libs/cocos2d/Platforms/CCNS.h; sourceTree = "<group>"; };
		12BD0BE913DA062F0039ACAC /* CCDirectorIOS.h */ = {isa = PBXFileReference; lastKnownFileType = sourcecode.c.h; name = CCDirectorIOS.h; path = libs/cocos2d/Platforms/iOS/CCDirectorIOS.h; sourceTree = "<group>"; };
		12BD0BEA13DA062F0039ACAC /* CCDirectorIOS.m */ = {isa = PBXFileReference; lastKnownFileType = sourcecode.c.objc; name = CCDirectorIOS.m; path = libs/cocos2d/Platforms/iOS/CCDirectorIOS.m; sourceTree = "<group>"; };
		12BD0BEC13DA062F0039ACAC /* CCTouchDelegateProtocol.h */ = {isa = PBXFileReference; lastKnownFileType = sourcecode.c.h; name = CCTouchDelegateProtocol.h; path = libs/cocos2d/Platforms/iOS/CCTouchDelegateProtocol.h; sourceTree = "<group>"; };
		12BD0BED13DA062F0039ACAC /* CCTouchDispatcher.h */ = {isa = PBXFileReference; lastKnownFileType = sourcecode.c.h; name = CCTouchDispatcher.h; path = libs/cocos2d/Platforms/iOS/CCTouchDispatcher.h; sourceTree = "<group>"; };
		12BD0BEE13DA062F0039ACAC /* CCTouchDispatcher.m */ = {isa = PBXFileReference; lastKnownFileType = sourcecode.c.objc; name = CCTouchDispatcher.m; path = libs/cocos2d/Platforms/iOS/CCTouchDispatcher.m; sourceTree = "<group>"; };
		12BD0BF013DA062F0039ACAC /* CCTouchHandler.h */ = {isa = PBXFileReference; lastKnownFileType = sourcecode.c.h; name = CCTouchHandler.h; path = libs/cocos2d/Platforms/iOS/CCTouchHandler.h; sourceTree = "<group>"; };
		12BD0BF113DA062F0039ACAC /* CCTouchHandler.m */ = {isa = PBXFileReference; lastKnownFileType = sourcecode.c.objc; name = CCTouchHandler.m; path = libs/cocos2d/Platforms/iOS/CCTouchHandler.m; sourceTree = "<group>"; };
		12BD0BF313DA062F0039ACAC /* EAGLView.h */ = {isa = PBXFileReference; lastKnownFileType = sourcecode.c.h; name = EAGLView.h; path = libs/cocos2d/Platforms/iOS/EAGLView.h; sourceTree = "<group>"; };
		12BD0BF413DA062F0039ACAC /* EAGLView.m */ = {isa = PBXFileReference; lastKnownFileType = sourcecode.c.objc; name = EAGLView.m; path = libs/cocos2d/Platforms/iOS/EAGLView.m; sourceTree = "<group>"; };
		12BD0BF613DA062F0039ACAC /* ES1Renderer.h */ = {isa = PBXFileReference; lastKnownFileType = sourcecode.c.h; name = ES1Renderer.h; path = libs/cocos2d/Platforms/iOS/ES1Renderer.h; sourceTree = "<group>"; };
		12BD0BF713DA062F0039ACAC /* ES1Renderer.m */ = {isa = PBXFileReference; lastKnownFileType = sourcecode.c.objc; name = ES1Renderer.m; path = libs/cocos2d/Platforms/iOS/ES1Renderer.m; sourceTree = "<group>"; };
		12BD0BF913DA062F0039ACAC /* ESRenderer.h */ = {isa = PBXFileReference; lastKnownFileType = sourcecode.c.h; name = ESRenderer.h; path = libs/cocos2d/Platforms/iOS/ESRenderer.h; sourceTree = "<group>"; };
		12BD0BFA13DA062F0039ACAC /* glu.c */ = {isa = PBXFileReference; lastKnownFileType = sourcecode.c.c; name = glu.c; path = libs/cocos2d/Platforms/iOS/glu.c; sourceTree = "<group>"; };
		12BD0BFC13DA062F0039ACAC /* glu.h */ = {isa = PBXFileReference; lastKnownFileType = sourcecode.c.h; name = glu.h; path = libs/cocos2d/Platforms/iOS/glu.h; sourceTree = "<group>"; };
		12BD0BFE13DA062F0039ACAC /* CCDirectorMac.h */ = {isa = PBXFileReference; lastKnownFileType = sourcecode.c.h; name = CCDirectorMac.h; path = libs/cocos2d/Platforms/Mac/CCDirectorMac.h; sourceTree = "<group>"; };
		12BD0BFF13DA062F0039ACAC /* CCDirectorMac.m */ = {isa = PBXFileReference; lastKnownFileType = sourcecode.c.objc; name = CCDirectorMac.m; path = libs/cocos2d/Platforms/Mac/CCDirectorMac.m; sourceTree = "<group>"; };
		12BD0C0113DA062F0039ACAC /* CCEventDispatcher.h */ = {isa = PBXFileReference; lastKnownFileType = sourcecode.c.h; name = CCEventDispatcher.h; path = libs/cocos2d/Platforms/Mac/CCEventDispatcher.h; sourceTree = "<group>"; };
		12BD0C0213DA062F0039ACAC /* CCEventDispatcher.m */ = {isa = PBXFileReference; lastKnownFileType = sourcecode.c.objc; name = CCEventDispatcher.m; path = libs/cocos2d/Platforms/Mac/CCEventDispatcher.m; sourceTree = "<group>"; };
		12BD0C0413DA062F0039ACAC /* MacGLView.h */ = {isa = PBXFileReference; lastKnownFileType = sourcecode.c.h; name = MacGLView.h; path = libs/cocos2d/Platforms/Mac/MacGLView.h; sourceTree = "<group>"; };
		12BD0C0513DA062F0039ACAC /* MacGLView.m */ = {isa = PBXFileReference; lastKnownFileType = sourcecode.c.objc; name = MacGLView.m; path = libs/cocos2d/Platforms/Mac/MacGLView.m; sourceTree = "<group>"; };
		12BD0C0713DA062F0039ACAC /* MacWindow.h */ = {isa = PBXFileReference; lastKnownFileType = sourcecode.c.h; name = MacWindow.h; path = libs/cocos2d/Platforms/Mac/MacWindow.h; sourceTree = "<group>"; };
		12BD0C0813DA062F0039ACAC /* MacWindow.m */ = {isa = PBXFileReference; lastKnownFileType = sourcecode.c.objc; name = MacWindow.m; path = libs/cocos2d/Platforms/Mac/MacWindow.m; sourceTree = "<group>"; };
		12BD0C0B13DA062F0039ACAC /* base64.c */ = {isa = PBXFileReference; lastKnownFileType = sourcecode.c.c; name = base64.c; path = libs/cocos2d/Support/base64.c; sourceTree = "<group>"; };
		12BD0C0D13DA062F0039ACAC /* base64.h */ = {isa = PBXFileReference; lastKnownFileType = sourcecode.c.h; name = base64.h; path = libs/cocos2d/Support/base64.h; sourceTree = "<group>"; };
		12BD0C0E13DA062F0039ACAC /* CCArray.h */ = {isa = PBXFileReference; lastKnownFileType = sourcecode.c.h; name = CCArray.h; path = libs/cocos2d/Support/CCArray.h; sourceTree = "<group>"; };
		12BD0C0F13DA062F0039ACAC /* CCArray.m */ = {isa = PBXFileReference; lastKnownFileType = sourcecode.c.objc; name = CCArray.m; path = libs/cocos2d/Support/CCArray.m; sourceTree = "<group>"; };
		12BD0C1113DA062F0039ACAC /* ccCArray.h */ = {isa = PBXFileReference; lastKnownFileType = sourcecode.c.h; name = ccCArray.h; path = libs/cocos2d/Support/ccCArray.h; sourceTree = "<group>"; };
		12BD0C1213DA062F0039ACAC /* CCFileUtils.h */ = {isa = PBXFileReference; lastKnownFileType = sourcecode.c.h; name = CCFileUtils.h; path = libs/cocos2d/Support/CCFileUtils.h; sourceTree = "<group>"; };
		12BD0C1313DA062F0039ACAC /* CCFileUtils.m */ = {isa = PBXFileReference; lastKnownFileType = sourcecode.c.objc; name = CCFileUtils.m; path = libs/cocos2d/Support/CCFileUtils.m; sourceTree = "<group>"; };
		12BD0C1513DA062F0039ACAC /* CCProfiling.h */ = {isa = PBXFileReference; lastKnownFileType = sourcecode.c.h; name = CCProfiling.h; path = libs/cocos2d/Support/CCProfiling.h; sourceTree = "<group>"; };
		12BD0C1613DA062F0039ACAC /* CCProfiling.m */ = {isa = PBXFileReference; lastKnownFileType = sourcecode.c.objc; name = CCProfiling.m; path = libs/cocos2d/Support/CCProfiling.m; sourceTree = "<group>"; };
		12BD0C1813DA062F0039ACAC /* ccUtils.c */ = {isa = PBXFileReference; lastKnownFileType = sourcecode.c.c; name = ccUtils.c; path = libs/cocos2d/Support/ccUtils.c; sourceTree = "<group>"; };
		12BD0C1A13DA062F0039ACAC /* ccUtils.h */ = {isa = PBXFileReference; lastKnownFileType = sourcecode.c.h; name = ccUtils.h; path = libs/cocos2d/Support/ccUtils.h; sourceTree = "<group>"; };
		12BD0C1B13DA062F0039ACAC /* CGPointExtension.h */ = {isa = PBXFileReference; lastKnownFileType = sourcecode.c.h; name = CGPointExtension.h; path = libs/cocos2d/Support/CGPointExtension.h; sourceTree = "<group>"; };
		12BD0C1C13DA062F0039ACAC /* CGPointExtension.m */ = {isa = PBXFileReference; lastKnownFileType = sourcecode.c.objc; name = CGPointExtension.m; path = libs/cocos2d/Support/CGPointExtension.m; sourceTree = "<group>"; };
		12BD0C1E13DA062F0039ACAC /* OpenGL_Internal.h */ = {isa = PBXFileReference; lastKnownFileType = sourcecode.c.h; name = OpenGL_Internal.h; path = libs/cocos2d/Support/OpenGL_Internal.h; sourceTree = "<group>"; };
		12BD0C1F13DA062F0039ACAC /* TGAlib.h */ = {isa = PBXFileReference; lastKnownFileType = sourcecode.c.h; name = TGAlib.h; path = libs/cocos2d/Support/TGAlib.h; sourceTree = "<group>"; };
		12BD0C2013DA062F0039ACAC /* TGAlib.m */ = {isa = PBXFileReference; lastKnownFileType = sourcecode.c.objc; name = TGAlib.m; path = libs/cocos2d/Support/TGAlib.m; sourceTree = "<group>"; };
		12BD0C2213DA062F0039ACAC /* TransformUtils.h */ = {isa = PBXFileReference; lastKnownFileType = sourcecode.c.h; name = TransformUtils.h; path = libs/cocos2d/Support/TransformUtils.h; sourceTree = "<group>"; };
		12BD0C2313DA062F0039ACAC /* TransformUtils.m */ = {isa = PBXFileReference; lastKnownFileType = sourcecode.c.objc; name = TransformUtils.m; path = libs/cocos2d/Support/TransformUtils.m; sourceTree = "<group>"; };
		12BD0C2513DA062F0039ACAC /* uthash.h */ = {isa = PBXFileReference; lastKnownFileType = sourcecode.c.h; name = uthash.h; path = libs/cocos2d/Support/uthash.h; sourceTree = "<group>"; };
		12BD0C2613DA062F0039ACAC /* utlist.h */ = {isa = PBXFileReference; lastKnownFileType = sourcecode.c.h; name = utlist.h; path = libs/cocos2d/Support/utlist.h; sourceTree = "<group>"; };
		12BD0C2713DA062F0039ACAC /* ZipUtils.h */ = {isa = PBXFileReference; lastKnownFileType = sourcecode.c.h; name = ZipUtils.h; path = libs/cocos2d/Support/ZipUtils.h; sourceTree = "<group>"; };
		12BD0C2813DA062F0039ACAC /* ZipUtils.m */ = {isa = PBXFileReference; lastKnownFileType = sourcecode.c.objc; name = ZipUtils.m; path = libs/cocos2d/Support/ZipUtils.m; sourceTree = "<group>"; };
		12BD0C2A13DA062F0039ACAC /* LICENSE_cocos2d.txt */ = {isa = PBXFileReference; lastKnownFileType = text; name = LICENSE_cocos2d.txt; path = libs/LICENSE_cocos2d.txt; sourceTree = "<group>"; };
		12BD0C2C13DA062F0039ACAC /* CDAudioManager.h */ = {isa = PBXFileReference; lastKnownFileType = sourcecode.c.h; name = CDAudioManager.h; path = libs/CocosDenshion/CDAudioManager.h; sourceTree = "<group>"; };
		12BD0C2D13DA062F0039ACAC /* CDAudioManager.m */ = {isa = PBXFileReference; lastKnownFileType = sourcecode.c.objc; name = CDAudioManager.m; path = libs/CocosDenshion/CDAudioManager.m; sourceTree = "<group>"; };
		12BD0C2F13DA062F0039ACAC /* CDConfig.h */ = {isa = PBXFileReference; lastKnownFileType = sourcecode.c.h; name = CDConfig.h; path = libs/CocosDenshion/CDConfig.h; sourceTree = "<group>"; };
		12BD0C3013DA062F0039ACAC /* CDOpenALSupport.h */ = {isa = PBXFileReference; lastKnownFileType = sourcecode.c.h; name = CDOpenALSupport.h; path = libs/CocosDenshion/CDOpenALSupport.h; sourceTree = "<group>"; };
		12BD0C3113DA062F0039ACAC /* CDOpenALSupport.m */ = {isa = PBXFileReference; lastKnownFileType = sourcecode.c.objc; name = CDOpenALSupport.m; path = libs/CocosDenshion/CDOpenALSupport.m; sourceTree = "<group>"; };
		12BD0C3313DA062F0039ACAC /* CocosDenshion.h */ = {isa = PBXFileReference; lastKnownFileType = sourcecode.c.h; name = CocosDenshion.h; path = libs/CocosDenshion/CocosDenshion.h; sourceTree = "<group>"; };
		12BD0C3413DA06300039ACAC /* CocosDenshion.m */ = {isa = PBXFileReference; lastKnownFileType = sourcecode.c.objc; name = CocosDenshion.m; path = libs/CocosDenshion/CocosDenshion.m; sourceTree = "<group>"; };
		12BD0C3613DA06300039ACAC /* SimpleAudioEngine.h */ = {isa = PBXFileReference; lastKnownFileType = sourcecode.c.h; name = SimpleAudioEngine.h; path = libs/CocosDenshion/SimpleAudioEngine.h; sourceTree = "<group>"; };
		12BD0C3713DA06300039ACAC /* SimpleAudioEngine.m */ = {isa = PBXFileReference; lastKnownFileType = sourcecode.c.objc; name = SimpleAudioEngine.m; path = libs/CocosDenshion/SimpleAudioEngine.m; sourceTree = "<group>"; };
		12BD0C3913DA06300039ACAC /* LICENSE_CocosDenshion.txt */ = {isa = PBXFileReference; lastKnownFileType = text; name = LICENSE_CocosDenshion.txt; path = libs/LICENSE_CocosDenshion.txt; sourceTree = "<group>"; };
		12BD0C3B13DA06300039ACAC /* CLScoreServerPost.h */ = {isa = PBXFileReference; lastKnownFileType = sourcecode.c.h; name = CLScoreServerPost.h; path = libs/cocoslive/CLScoreServerPost.h; sourceTree = "<group>"; };
		12BD0C3C13DA06300039ACAC /* CLScoreServerPost.m */ = {isa = PBXFileReference; lastKnownFileType = sourcecode.c.objc; name = CLScoreServerPost.m; path = libs/cocoslive/CLScoreServerPost.m; sourceTree = "<group>"; };
		12BD0C3E13DA06300039ACAC /* CLScoreServerRequest.h */ = {isa = PBXFileReference; lastKnownFileType = sourcecode.c.h; name = CLScoreServerRequest.h; path = libs/cocoslive/CLScoreServerRequest.h; sourceTree = "<group>"; };
		12BD0C3F13DA06300039ACAC /* CLScoreServerRequest.m */ = {isa = PBXFileReference; lastKnownFileType = sourcecode.c.objc; name = CLScoreServerRequest.m; path = libs/cocoslive/CLScoreServerRequest.m; sourceTree = "<group>"; };
		12BD0C4113DA06300039ACAC /* cocoslive.h */ = {isa = PBXFileReference; lastKnownFileType = sourcecode.c.h; name = cocoslive.h; path = libs/cocoslive/cocoslive.h; sourceTree = "<group>"; };
		12BD0C4213DA06300039ACAC /* cocoslive.m */ = {isa = PBXFileReference; lastKnownFileType = sourcecode.c.objc; name = cocoslive.m; path = libs/cocoslive/cocoslive.m; sourceTree = "<group>"; };
		12BD0C4413DA06300039ACAC /* LICENSE_TouchJSON.txt */ = {isa = PBXFileReference; lastKnownFileType = text; name = LICENSE_TouchJSON.txt; path = libs/LICENSE_TouchJSON.txt; sourceTree = "<group>"; };
		12BD0C4613DA06300039ACAC /* CDataScanner.h */ = {isa = PBXFileReference; lastKnownFileType = sourcecode.c.h; name = CDataScanner.h; path = libs/TouchJSON/CDataScanner.h; sourceTree = "<group>"; };
		12BD0C4713DA06300039ACAC /* CDataScanner.m */ = {isa = PBXFileReference; lastKnownFileType = sourcecode.c.objc; name = CDataScanner.m; path = libs/TouchJSON/CDataScanner.m; sourceTree = "<group>"; };
		12BD0C4A13DA06300039ACAC /* CDataScanner_Extensions.h */ = {isa = PBXFileReference; lastKnownFileType = sourcecode.c.h; name = CDataScanner_Extensions.h; path = libs/TouchJSON/Extensions/CDataScanner_Extensions.h; sourceTree = "<group>"; };
		12BD0C4B13DA06300039ACAC /* CDataScanner_Extensions.m */ = {isa = PBXFileReference; lastKnownFileType = sourcecode.c.objc; name = CDataScanner_Extensions.m; path = libs/TouchJSON/Extensions/CDataScanner_Extensions.m; sourceTree = "<group>"; };
		12BD0C4D13DA06300039ACAC /* NSDictionary_JSONExtensions.h */ = {isa = PBXFileReference; lastKnownFileType = sourcecode.c.h; name = NSDictionary_JSONExtensions.h; path = libs/TouchJSON/Extensions/NSDictionary_JSONExtensions.h; sourceTree = "<group>"; };
		12BD0C4E13DA06300039ACAC /* NSDictionary_JSONExtensions.m */ = {isa = PBXFileReference; lastKnownFileType = sourcecode.c.objc; name = NSDictionary_JSONExtensions.m; path = libs/TouchJSON/Extensions/NSDictionary_JSONExtensions.m; sourceTree = "<group>"; };
		12BD0C5113DA06300039ACAC /* CJSONDeserializer.h */ = {isa = PBXFileReference; lastKnownFileType = sourcecode.c.h; name = CJSONDeserializer.h; path = libs/TouchJSON/JSON/CJSONDeserializer.h; sourceTree = "<group>"; };
		12BD0C5213DA06300039ACAC /* CJSONDeserializer.m */ = {isa = PBXFileReference; lastKnownFileType = sourcecode.c.objc; name = CJSONDeserializer.m; path = libs/TouchJSON/JSON/CJSONDeserializer.m; sourceTree = "<group>"; };
		12BD0C5413DA06300039ACAC /* CJSONScanner.h */ = {isa = PBXFileReference; lastKnownFileType = sourcecode.c.h; name = CJSONScanner.h; path = libs/TouchJSON/JSON/CJSONScanner.h; sourceTree = "<group>"; };
		12BD0C5513DA06300039ACAC /* CJSONScanner.m */ = {isa = PBXFileReference; lastKnownFileType = sourcecode.c.objc; name = CJSONScanner.m; path = libs/TouchJSON/JSON/CJSONScanner.m; sourceTree = "<group>"; };
		12BD0C5713DA06300039ACAC /* CJSONSerializer.h */ = {isa = PBXFileReference; lastKnownFileType = sourcecode.c.h; name = CJSONSerializer.h; path = libs/TouchJSON/JSON/CJSONSerializer.h; sourceTree = "<group>"; };
		12BD0C5813DA06300039ACAC /* CJSONSerializer.m */ = {isa = PBXFileReference; lastKnownFileType = sourcecode.c.objc; name = CJSONSerializer.m; path = libs/TouchJSON/JSON/CJSONSerializer.m; sourceTree = "<group>"; };
		12BD0C5A13DA06300039ACAC /* JSONRepresentation.h */ = {isa = PBXFileReference; lastKnownFileType = sourcecode.c.h; name = JSONRepresentation.h; path = libs/TouchJSON/JSON/JSONRepresentation.h; sourceTree = "<group>"; };
		12BD0C5C13DA06300039ACAC /* FontLabel.h */ = {isa = PBXFileReference; lastKnownFileType = sourcecode.c.h; name = FontLabel.h; path = libs/FontLabel/FontLabel.h; sourceTree = "<group>"; };
		12BD0C5D13DA06300039ACAC /* FontLabel.m */ = {isa = PBXFileReference; lastKnownFileType = sourcecode.c.objc; name = FontLabel.m; path = libs/FontLabel/FontLabel.m; sourceTree = "<group>"; };
		12BD0C5F13DA06300039ACAC /* FontLabelStringDrawing.h */ = {isa = PBXFileReference; lastKnownFileType = sourcecode.c.h; name = FontLabelStringDrawing.h; path = libs/FontLabel/FontLabelStringDrawing.h; sourceTree = "<group>"; };
		12BD0C6013DA06300039ACAC /* FontLabelStringDrawing.m */ = {isa = PBXFileReference; lastKnownFileType = sourcecode.c.objc; name = FontLabelStringDrawing.m; path = libs/FontLabel/FontLabelStringDrawing.m; sourceTree = "<group>"; };
		12BD0C6213DA06300039ACAC /* FontManager.h */ = {isa = PBXFileReference; lastKnownFileType = sourcecode.c.h; name = FontManager.h; path = libs/FontLabel/FontManager.h; sourceTree = "<group>"; };
		12BD0C6313DA06300039ACAC /* FontManager.m */ = {isa = PBXFileReference; lastKnownFileType = sourcecode.c.objc; name = FontManager.m; path = libs/FontLabel/FontManager.m; sourceTree = "<group>"; };
		12BD0C6513DA06300039ACAC /* ZAttributedString.h */ = {isa = PBXFileReference; lastKnownFileType = sourcecode.c.h; name = ZAttributedString.h; path = libs/FontLabel/ZAttributedString.h; sourceTree = "<group>"; };
		12BD0C6613DA06300039ACAC /* ZAttributedString.m */ = {isa = PBXFileReference; lastKnownFileType = sourcecode.c.objc; name = ZAttributedString.m; path = libs/FontLabel/ZAttributedString.m; sourceTree = "<group>"; };
		12BD0C6813DA06300039ACAC /* ZAttributedStringPrivate.h */ = {isa = PBXFileReference; lastKnownFileType = sourcecode.c.h; name = ZAttributedStringPrivate.h; path = libs/FontLabel/ZAttributedStringPrivate.h; sourceTree = "<group>"; };
		12BD0C6913DA06300039ACAC /* ZFont.h */ = {isa = PBXFileReference; lastKnownFileType = sourcecode.c.h; name = ZFont.h; path = libs/FontLabel/ZFont.h; sourceTree = "<group>"; };
		12BD0C6A13DA06300039ACAC /* ZFont.m */ = {isa = PBXFileReference; lastKnownFileType = sourcecode.c.objc; name = ZFont.m; path = libs/FontLabel/ZFont.m; sourceTree = "<group>"; };
		12BD0C6C13DA06300039ACAC /* LICENSE_FontLabel.txt */ = {isa = PBXFileReference; lastKnownFileType = text; name = LICENSE_FontLabel.txt; path = libs/LICENSE_FontLabel.txt; sourceTree = "<group>"; };
		12BD0C6E13DA06300039ACAC /* Prefix.pch */ = {isa = PBXFileReference; lastKnownFileType = sourcecode.c.h; path = Prefix.pch; sourceTree = "<group>"; };
		12BD0C6F13DA06300039ACAC /* main.m */ = {isa = PBXFileReference; lastKnownFileType = sourcecode.c.objc; path = main.m; sourceTree = "<group>"; };
		12BD0C7113DA06300039ACAC /* AppDelegate.h */ = {isa = PBXFileReference; lastKnownFileType = sourcecode.c.h; path = AppDelegate.h; sourceTree = "<group>"; };
		12BD0C7213DA06300039ACAC /* AppDelegate.m */ = {isa = PBXFileReference; lastKnownFileType = sourcecode.c.objc; path = AppDelegate.m; sourceTree = "<group>"; };
		12BD0C7413DA06300039ACAC /* RootViewController.h */ = {isa = PBXFileReference; lastKnownFileType = sourcecode.c.h; path = RootViewController.h; sourceTree = "<group>"; };
		12BD0C7513DA06300039ACAC /* RootViewController.m */ = {isa = PBXFileReference; lastKnownFileType = sourcecode.c.objc; path = RootViewController.m; sourceTree = "<group>"; };
		12BD0C7713DA06300039ACAC /* HelloWorldLayer.h */ = {isa = PBXFileReference; lastKnownFileType = sourcecode.c.h; path = HelloWorldLayer.h; sourceTree = "<group>"; };
		12BD0C7813DA06300039ACAC /* HelloWorldLayer.m */ = {isa = PBXFileReference; lastKnownFileType = sourcecode.c.objc; path = HelloWorldLayer.m; sourceTree = "<group>"; };
		12BD0C7A13DA06300039ACAC /* GameConfig.h */ = {isa = PBXFileReference; lastKnownFileType = sourcecode.c.h; path = GameConfig.h; sourceTree = "<group>"; };
		12BD0C8013DA0A310039ACAC /* nucleus.png */ = {isa = PBXFileReference; lastKnownFileType = image.png; path = nucleus.png; sourceTree = "<group>"; };
		12BD0C8113DA0A310039ACAC /* electron.png */ = {isa = PBXFileReference; lastKnownFileType = image.png; path = electron.png; sourceTree = "<group>"; };
		12BD0C8413DA0A7C0039ACAC /* logo.png */ = {isa = PBXFileReference; lastKnownFileType = image.png; path = logo.png; sourceTree = "<group>"; };
/* End PBXFileReference section */

/* Begin PBXFrameworksBuildPhase section */
		12BD0B0813DA062C0039ACAC /* Frameworks */ = {
			isa = PBXFrameworksBuildPhase;
			buildActionMask = 2147483647;
			files = (
				12BD0B1013DA062C0039ACAC /* QuartzCore.framework in Frameworks */,
				12BD0B1213DA062C0039ACAC /* OpenGLES.framework in Frameworks */,
				12BD0B1413DA062C0039ACAC /* OpenAL.framework in Frameworks */,
				12BD0B1613DA062C0039ACAC /* AudioToolbox.framework in Frameworks */,
				12BD0B1813DA062C0039ACAC /* AVFoundation.framework in Frameworks */,
				12BD0B1A13DA062C0039ACAC /* UIKit.framework in Frameworks */,
				12BD0B1C13DA062C0039ACAC /* Foundation.framework in Frameworks */,
				12BD0B1E13DA062C0039ACAC /* CoreGraphics.framework in Frameworks */,
			);
			runOnlyForDeploymentPostprocessing = 0;
		};
/* End PBXFrameworksBuildPhase section */

/* Begin PBXGroup section */
		12BD0B0013DA062C0039ACAC = {
			isa = PBXGroup;
			children = (
				12BD0B1F13DA062C0039ACAC /* FreeRadicals */,
				12BD0B0E13DA062C0039ACAC /* Frameworks */,
				12BD0B0C13DA062C0039ACAC /* Products */,
			);
			sourceTree = "<group>";
		};
		12BD0B0C13DA062C0039ACAC /* Products */ = {
			isa = PBXGroup;
			children = (
				12BD0B0B13DA062C0039ACAC /* FreeRadicals.app */,
			);
			name = Products;
			sourceTree = "<group>";
		};
		12BD0B0E13DA062C0039ACAC /* Frameworks */ = {
			isa = PBXGroup;
			children = (
				12BD0B0F13DA062C0039ACAC /* QuartzCore.framework */,
				12BD0B1113DA062C0039ACAC /* OpenGLES.framework */,
				12BD0B1313DA062C0039ACAC /* OpenAL.framework */,
				12BD0B1513DA062C0039ACAC /* AudioToolbox.framework */,
				12BD0B1713DA062C0039ACAC /* AVFoundation.framework */,
				12BD0B1913DA062C0039ACAC /* UIKit.framework */,
				12BD0B1B13DA062C0039ACAC /* Foundation.framework */,
				12BD0B1D13DA062C0039ACAC /* CoreGraphics.framework */,
			);
			name = Frameworks;
			sourceTree = "<group>";
		};
		12BD0B1F13DA062C0039ACAC /* FreeRadicals */ = {
			isa = PBXGroup;
			children = (
				12BD0C7113DA06300039ACAC /* AppDelegate.h */,
				12BD0C7213DA06300039ACAC /* AppDelegate.m */,
				12BD0C7413DA06300039ACAC /* RootViewController.h */,
				12BD0C7513DA06300039ACAC /* RootViewController.m */,
				12BD0C7713DA06300039ACAC /* HelloWorldLayer.h */,
				12BD0C7813DA06300039ACAC /* HelloWorldLayer.m */,
				12BD0C7A13DA06300039ACAC /* GameConfig.h */,
				12BD0B2013DA062C0039ACAC /* Resources */,
				12BD0B3413DA062D0039ACAC /* libs */,
				12BD0C6D13DA06300039ACAC /* Supporting Files */,
			);
			path = FreeRadicals;
			sourceTree = "<group>";
		};
		12BD0B2013DA062C0039ACAC /* Resources */ = {
			isa = PBXGroup;
			children = (
				12BD0C8413DA0A7C0039ACAC /* logo.png */,
				12BD0C8013DA0A310039ACAC /* nucleus.png */,
				12BD0C8113DA0A310039ACAC /* electron.png */,
				12BD0B2113DA062C0039ACAC /* Default.png */,
				12BD0B2313DA062C0039ACAC /* fps_images.png */,
				12BD0B2513DA062C0039ACAC /* Icon-72.png */,
				12BD0B2713DA062C0039ACAC /* Icon-Small-50.png */,
				12BD0B2913DA062C0039ACAC /* Icon-Small.png */,
				12BD0B2B13DA062C0039ACAC /* Icon-Small@2x.png */,
				12BD0B2D13DA062C0039ACAC /* Icon.png */,
				12BD0B2F13DA062D0039ACAC /* Icon@2x.png */,
				12BD0B3113DA062D0039ACAC /* Info.plist */,
				12BD0B3213DA062D0039ACAC /* iTunesArtwork */,
			);
			name = Resources;
			sourceTree = "<group>";
		};
		12BD0B3413DA062D0039ACAC /* libs */ = {
			isa = PBXGroup;
			children = (
				12BD0C2A13DA062F0039ACAC /* LICENSE_cocos2d.txt */,
				12BD0C3913DA06300039ACAC /* LICENSE_CocosDenshion.txt */,
				12BD0C4413DA06300039ACAC /* LICENSE_TouchJSON.txt */,
				12BD0C6C13DA06300039ACAC /* LICENSE_FontLabel.txt */,
				12BD0B3513DA062D0039ACAC /* cocos2d */,
				12BD0C2B13DA062F0039ACAC /* CocosDenshion */,
				12BD0C3A13DA06300039ACAC /* cocoslive */,
				12BD0C4513DA06300039ACAC /* TouchJSON */,
				12BD0C5B13DA06300039ACAC /* FontLabel */,
			);
			name = libs;
			sourceTree = "<group>";
		};
		12BD0B3513DA062D0039ACAC /* cocos2d */ = {
			isa = PBXGroup;
			children = (
				12BD0B3613DA062D0039ACAC /* CCAction.h */,
				12BD0B3713DA062D0039ACAC /* CCAction.m */,
				12BD0B3913DA062D0039ACAC /* CCActionCamera.h */,
				12BD0B3A13DA062D0039ACAC /* CCActionCamera.m */,
				12BD0B3C13DA062D0039ACAC /* CCActionEase.h */,
				12BD0B3D13DA062D0039ACAC /* CCActionEase.m */,
				12BD0B3F13DA062D0039ACAC /* CCActionGrid.h */,
				12BD0B4013DA062D0039ACAC /* CCActionGrid.m */,
				12BD0B4213DA062D0039ACAC /* CCActionGrid3D.h */,
				12BD0B4313DA062D0039ACAC /* CCActionGrid3D.m */,
				12BD0B4513DA062D0039ACAC /* CCActionInstant.h */,
				12BD0B4613DA062D0039ACAC /* CCActionInstant.m */,
				12BD0B4813DA062D0039ACAC /* CCActionInterval.h */,
				12BD0B4913DA062D0039ACAC /* CCActionInterval.m */,
				12BD0B4B13DA062D0039ACAC /* CCActionManager.h */,
				12BD0B4C13DA062D0039ACAC /* CCActionManager.m */,
				12BD0B4E13DA062D0039ACAC /* CCActionPageTurn3D.h */,
				12BD0B4F13DA062D0039ACAC /* CCActionPageTurn3D.m */,
				12BD0B5113DA062D0039ACAC /* CCActionProgressTimer.h */,
				12BD0B5213DA062D0039ACAC /* CCActionProgressTimer.m */,
				12BD0B5413DA062D0039ACAC /* CCActionTiledGrid.h */,
				12BD0B5513DA062D0039ACAC /* CCActionTiledGrid.m */,
				12BD0B5713DA062D0039ACAC /* CCActionTween.h */,
				12BD0B5813DA062D0039ACAC /* CCActionTween.m */,
				12BD0B5A13DA062D0039ACAC /* CCAnimation.h */,
				12BD0B5B13DA062D0039ACAC /* CCAnimation.m */,
				12BD0B5D13DA062D0039ACAC /* CCAnimationCache.h */,
				12BD0B5E13DA062D0039ACAC /* CCAnimationCache.m */,
				12BD0B6013DA062D0039ACAC /* CCAtlasNode.h */,
				12BD0B6113DA062D0039ACAC /* CCAtlasNode.m */,
				12BD0B6313DA062D0039ACAC /* CCBlockSupport.h */,
				12BD0B6413DA062D0039ACAC /* CCBlockSupport.m */,
				12BD0B6613DA062D0039ACAC /* CCCamera.h */,
				12BD0B6713DA062D0039ACAC /* CCCamera.m */,
				12BD0B6913DA062D0039ACAC /* ccConfig.h */,
				12BD0B6A13DA062D0039ACAC /* CCConfiguration.h */,
				12BD0B6B13DA062D0039ACAC /* CCConfiguration.m */,
				12BD0B6D13DA062D0039ACAC /* CCDirector.h */,
				12BD0B6E13DA062D0039ACAC /* CCDirector.m */,
				12BD0B7013DA062D0039ACAC /* CCDrawingPrimitives.h */,
				12BD0B7113DA062D0039ACAC /* CCDrawingPrimitives.m */,
				12BD0B7313DA062D0039ACAC /* CCGrabber.h */,
				12BD0B7413DA062E0039ACAC /* CCGrabber.m */,
				12BD0B7613DA062E0039ACAC /* CCGrid.h */,
				12BD0B7713DA062E0039ACAC /* CCGrid.m */,
				12BD0B7913DA062E0039ACAC /* CCLabelAtlas.h */,
				12BD0B7A13DA062E0039ACAC /* CCLabelAtlas.m */,
				12BD0B7C13DA062E0039ACAC /* CCLabelBMFont.h */,
				12BD0B7D13DA062E0039ACAC /* CCLabelBMFont.m */,
				12BD0B7F13DA062E0039ACAC /* CCLabelTTF.h */,
				12BD0B8013DA062E0039ACAC /* CCLabelTTF.m */,
				12BD0B8213DA062E0039ACAC /* CCLayer.h */,
				12BD0B8313DA062E0039ACAC /* CCLayer.m */,
				12BD0B8513DA062E0039ACAC /* ccMacros.h */,
				12BD0B8613DA062E0039ACAC /* CCMenu.h */,
				12BD0B8713DA062E0039ACAC /* CCMenu.m */,
				12BD0B8913DA062E0039ACAC /* CCMenuItem.h */,
				12BD0B8A13DA062E0039ACAC /* CCMenuItem.m */,
				12BD0B8C13DA062E0039ACAC /* CCMotionStreak.h */,
				12BD0B8D13DA062E0039ACAC /* CCMotionStreak.m */,
				12BD0B8F13DA062E0039ACAC /* CCNode.h */,
				12BD0B9013DA062E0039ACAC /* CCNode.m */,
				12BD0B9213DA062E0039ACAC /* CCParallaxNode.h */,
				12BD0B9313DA062E0039ACAC /* CCParallaxNode.m */,
				12BD0B9513DA062E0039ACAC /* CCParticleExamples.h */,
				12BD0B9613DA062E0039ACAC /* CCParticleExamples.m */,
				12BD0B9813DA062E0039ACAC /* CCParticleSystem.h */,
				12BD0B9913DA062E0039ACAC /* CCParticleSystem.m */,
				12BD0B9B13DA062E0039ACAC /* CCParticleSystemPoint.h */,
				12BD0B9C13DA062E0039ACAC /* CCParticleSystemPoint.m */,
				12BD0B9E13DA062E0039ACAC /* CCParticleSystemQuad.h */,
				12BD0B9F13DA062E0039ACAC /* CCParticleSystemQuad.m */,
				12BD0BA113DA062E0039ACAC /* CCProgressTimer.h */,
				12BD0BA213DA062E0039ACAC /* CCProgressTimer.m */,
				12BD0BA413DA062E0039ACAC /* CCProtocols.h */,
				12BD0BA513DA062E0039ACAC /* CCRenderTexture.h */,
				12BD0BA613DA062E0039ACAC /* CCRenderTexture.m */,
				12BD0BA813DA062E0039ACAC /* CCRibbon.h */,
				12BD0BA913DA062E0039ACAC /* CCRibbon.m */,
				12BD0BAB13DA062E0039ACAC /* CCScene.h */,
				12BD0BAC13DA062E0039ACAC /* CCScene.m */,
				12BD0BAE13DA062E0039ACAC /* CCScheduler.h */,
				12BD0BAF13DA062E0039ACAC /* CCScheduler.m */,
				12BD0BB113DA062E0039ACAC /* CCSprite.h */,
				12BD0BB213DA062E0039ACAC /* CCSprite.m */,
				12BD0BB413DA062E0039ACAC /* CCSpriteBatchNode.h */,
				12BD0BB513DA062E0039ACAC /* CCSpriteBatchNode.m */,
				12BD0BB713DA062E0039ACAC /* CCSpriteFrame.h */,
				12BD0BB813DA062E0039ACAC /* CCSpriteFrame.m */,
				12BD0BBA13DA062E0039ACAC /* CCSpriteFrameCache.h */,
				12BD0BBB13DA062E0039ACAC /* CCSpriteFrameCache.m */,
				12BD0BBD13DA062E0039ACAC /* CCTexture2D.h */,
				12BD0BBE13DA062E0039ACAC /* CCTexture2D.m */,
				12BD0BC013DA062E0039ACAC /* CCTextureAtlas.h */,
				12BD0BC113DA062E0039ACAC /* CCTextureAtlas.m */,
				12BD0BC313DA062E0039ACAC /* CCTextureCache.h */,
				12BD0BC413DA062E0039ACAC /* CCTextureCache.m */,
				12BD0BC613DA062E0039ACAC /* CCTexturePVR.h */,
				12BD0BC713DA062E0039ACAC /* CCTexturePVR.m */,
				12BD0BC913DA062E0039ACAC /* CCTileMapAtlas.h */,
				12BD0BCA13DA062E0039ACAC /* CCTileMapAtlas.m */,
				12BD0BCC13DA062E0039ACAC /* CCTMXLayer.h */,
				12BD0BCD13DA062E0039ACAC /* CCTMXLayer.m */,
				12BD0BCF13DA062E0039ACAC /* CCTMXObjectGroup.h */,
				12BD0BD013DA062E0039ACAC /* CCTMXObjectGroup.m */,
				12BD0BD213DA062E0039ACAC /* CCTMXTiledMap.h */,
				12BD0BD313DA062E0039ACAC /* CCTMXTiledMap.m */,
				12BD0BD513DA062E0039ACAC /* CCTMXXMLParser.h */,
				12BD0BD613DA062E0039ACAC /* CCTMXXMLParser.m */,
				12BD0BD813DA062F0039ACAC /* CCTransition.h */,
				12BD0BD913DA062F0039ACAC /* CCTransition.m */,
				12BD0BDB13DA062F0039ACAC /* CCTransitionPageTurn.h */,
				12BD0BDC13DA062F0039ACAC /* CCTransitionPageTurn.m */,
				12BD0BDE13DA062F0039ACAC /* CCTransitionRadial.h */,
				12BD0BDF13DA062F0039ACAC /* CCTransitionRadial.m */,
				12BD0BE113DA062F0039ACAC /* ccTypes.h */,
				12BD0BE213DA062F0039ACAC /* cocos2d.h */,
				12BD0BE313DA062F0039ACAC /* cocos2d.m */,
				12BD0BE513DA062F0039ACAC /* Platforms */,
				12BD0C0A13DA062F0039ACAC /* Support */,
			);
			name = cocos2d;
			sourceTree = "<group>";
		};
		12BD0BE513DA062F0039ACAC /* Platforms */ = {
			isa = PBXGroup;
			children = (
				12BD0BE613DA062F0039ACAC /* CCGL.h */,
				12BD0BE713DA062F0039ACAC /* CCNS.h */,
				12BD0BE813DA062F0039ACAC /* iOS */,
				12BD0BFD13DA062F0039ACAC /* Mac */,
			);
			name = Platforms;
			sourceTree = "<group>";
		};
		12BD0BE813DA062F0039ACAC /* iOS */ = {
			isa = PBXGroup;
			children = (
				12BD0BE913DA062F0039ACAC /* CCDirectorIOS.h */,
				12BD0BEA13DA062F0039ACAC /* CCDirectorIOS.m */,
				12BD0BEC13DA062F0039ACAC /* CCTouchDelegateProtocol.h */,
				12BD0BED13DA062F0039ACAC /* CCTouchDispatcher.h */,
				12BD0BEE13DA062F0039ACAC /* CCTouchDispatcher.m */,
				12BD0BF013DA062F0039ACAC /* CCTouchHandler.h */,
				12BD0BF113DA062F0039ACAC /* CCTouchHandler.m */,
				12BD0BF313DA062F0039ACAC /* EAGLView.h */,
				12BD0BF413DA062F0039ACAC /* EAGLView.m */,
				12BD0BF613DA062F0039ACAC /* ES1Renderer.h */,
				12BD0BF713DA062F0039ACAC /* ES1Renderer.m */,
				12BD0BF913DA062F0039ACAC /* ESRenderer.h */,
				12BD0BFA13DA062F0039ACAC /* glu.c */,
				12BD0BFC13DA062F0039ACAC /* glu.h */,
			);
			name = iOS;
			sourceTree = "<group>";
		};
		12BD0BFD13DA062F0039ACAC /* Mac */ = {
			isa = PBXGroup;
			children = (
				12BD0BFE13DA062F0039ACAC /* CCDirectorMac.h */,
				12BD0BFF13DA062F0039ACAC /* CCDirectorMac.m */,
				12BD0C0113DA062F0039ACAC /* CCEventDispatcher.h */,
				12BD0C0213DA062F0039ACAC /* CCEventDispatcher.m */,
				12BD0C0413DA062F0039ACAC /* MacGLView.h */,
				12BD0C0513DA062F0039ACAC /* MacGLView.m */,
				12BD0C0713DA062F0039ACAC /* MacWindow.h */,
				12BD0C0813DA062F0039ACAC /* MacWindow.m */,
			);
			name = Mac;
			sourceTree = "<group>";
		};
		12BD0C0A13DA062F0039ACAC /* Support */ = {
			isa = PBXGroup;
			children = (
				12BD0C0B13DA062F0039ACAC /* base64.c */,
				12BD0C0D13DA062F0039ACAC /* base64.h */,
				12BD0C0E13DA062F0039ACAC /* CCArray.h */,
				12BD0C0F13DA062F0039ACAC /* CCArray.m */,
				12BD0C1113DA062F0039ACAC /* ccCArray.h */,
				12BD0C1213DA062F0039ACAC /* CCFileUtils.h */,
				12BD0C1313DA062F0039ACAC /* CCFileUtils.m */,
				12BD0C1513DA062F0039ACAC /* CCProfiling.h */,
				12BD0C1613DA062F0039ACAC /* CCProfiling.m */,
				12BD0C1813DA062F0039ACAC /* ccUtils.c */,
				12BD0C1A13DA062F0039ACAC /* ccUtils.h */,
				12BD0C1B13DA062F0039ACAC /* CGPointExtension.h */,
				12BD0C1C13DA062F0039ACAC /* CGPointExtension.m */,
				12BD0C1E13DA062F0039ACAC /* OpenGL_Internal.h */,
				12BD0C1F13DA062F0039ACAC /* TGAlib.h */,
				12BD0C2013DA062F0039ACAC /* TGAlib.m */,
				12BD0C2213DA062F0039ACAC /* TransformUtils.h */,
				12BD0C2313DA062F0039ACAC /* TransformUtils.m */,
				12BD0C2513DA062F0039ACAC /* uthash.h */,
				12BD0C2613DA062F0039ACAC /* utlist.h */,
				12BD0C2713DA062F0039ACAC /* ZipUtils.h */,
				12BD0C2813DA062F0039ACAC /* ZipUtils.m */,
			);
			name = Support;
			sourceTree = "<group>";
		};
		12BD0C2B13DA062F0039ACAC /* CocosDenshion */ = {
			isa = PBXGroup;
			children = (
				12BD0C2C13DA062F0039ACAC /* CDAudioManager.h */,
				12BD0C2D13DA062F0039ACAC /* CDAudioManager.m */,
				12BD0C2F13DA062F0039ACAC /* CDConfig.h */,
				12BD0C3013DA062F0039ACAC /* CDOpenALSupport.h */,
				12BD0C3113DA062F0039ACAC /* CDOpenALSupport.m */,
				12BD0C3313DA062F0039ACAC /* CocosDenshion.h */,
				12BD0C3413DA06300039ACAC /* CocosDenshion.m */,
				12BD0C3613DA06300039ACAC /* SimpleAudioEngine.h */,
				12BD0C3713DA06300039ACAC /* SimpleAudioEngine.m */,
			);
			name = CocosDenshion;
			sourceTree = "<group>";
		};
		12BD0C3A13DA06300039ACAC /* cocoslive */ = {
			isa = PBXGroup;
			children = (
				12BD0C3B13DA06300039ACAC /* CLScoreServerPost.h */,
				12BD0C3C13DA06300039ACAC /* CLScoreServerPost.m */,
				12BD0C3E13DA06300039ACAC /* CLScoreServerRequest.h */,
				12BD0C3F13DA06300039ACAC /* CLScoreServerRequest.m */,
				12BD0C4113DA06300039ACAC /* cocoslive.h */,
				12BD0C4213DA06300039ACAC /* cocoslive.m */,
			);
			name = cocoslive;
			sourceTree = "<group>";
		};
		12BD0C4513DA06300039ACAC /* TouchJSON */ = {
			isa = PBXGroup;
			children = (
				12BD0C4613DA06300039ACAC /* CDataScanner.h */,
				12BD0C4713DA06300039ACAC /* CDataScanner.m */,
				12BD0C4913DA06300039ACAC /* Extensions */,
				12BD0C5013DA06300039ACAC /* JSON */,
			);
			name = TouchJSON;
			sourceTree = "<group>";
		};
		12BD0C4913DA06300039ACAC /* Extensions */ = {
			isa = PBXGroup;
			children = (
				12BD0C4A13DA06300039ACAC /* CDataScanner_Extensions.h */,
				12BD0C4B13DA06300039ACAC /* CDataScanner_Extensions.m */,
				12BD0C4D13DA06300039ACAC /* NSDictionary_JSONExtensions.h */,
				12BD0C4E13DA06300039ACAC /* NSDictionary_JSONExtensions.m */,
			);
			name = Extensions;
			sourceTree = "<group>";
		};
		12BD0C5013DA06300039ACAC /* JSON */ = {
			isa = PBXGroup;
			children = (
				12BD0C5113DA06300039ACAC /* CJSONDeserializer.h */,
				12BD0C5213DA06300039ACAC /* CJSONDeserializer.m */,
				12BD0C5413DA06300039ACAC /* CJSONScanner.h */,
				12BD0C5513DA06300039ACAC /* CJSONScanner.m */,
				12BD0C5713DA06300039ACAC /* CJSONSerializer.h */,
				12BD0C5813DA06300039ACAC /* CJSONSerializer.m */,
				12BD0C5A13DA06300039ACAC /* JSONRepresentation.h */,
			);
			name = JSON;
			sourceTree = "<group>";
		};
		12BD0C5B13DA06300039ACAC /* FontLabel */ = {
			isa = PBXGroup;
			children = (
				12BD0C5C13DA06300039ACAC /* FontLabel.h */,
				12BD0C5D13DA06300039ACAC /* FontLabel.m */,
				12BD0C5F13DA06300039ACAC /* FontLabelStringDrawing.h */,
				12BD0C6013DA06300039ACAC /* FontLabelStringDrawing.m */,
				12BD0C6213DA06300039ACAC /* FontManager.h */,
				12BD0C6313DA06300039ACAC /* FontManager.m */,
				12BD0C6513DA06300039ACAC /* ZAttributedString.h */,
				12BD0C6613DA06300039ACAC /* ZAttributedString.m */,
				12BD0C6813DA06300039ACAC /* ZAttributedStringPrivate.h */,
				12BD0C6913DA06300039ACAC /* ZFont.h */,
				12BD0C6A13DA06300039ACAC /* ZFont.m */,
			);
			name = FontLabel;
			sourceTree = "<group>";
		};
		12BD0C6D13DA06300039ACAC /* Supporting Files */ = {
			isa = PBXGroup;
			children = (
				12BD0C6E13DA06300039ACAC /* Prefix.pch */,
				12BD0C6F13DA06300039ACAC /* main.m */,
			);
			name = "Supporting Files";
			sourceTree = "<group>";
		};
/* End PBXGroup section */

/* Begin PBXNativeTarget section */
		12BD0B0A13DA062C0039ACAC /* FreeRadicals */ = {
			isa = PBXNativeTarget;
			buildConfigurationList = 12BD0C7D13DA06300039ACAC /* Build configuration list for PBXNativeTarget "FreeRadicals" */;
			buildPhases = (
				12BD0B0713DA062C0039ACAC /* Sources */,
				12BD0B0813DA062C0039ACAC /* Frameworks */,
				12BD0B0913DA062C0039ACAC /* Resources */,
			);
			buildRules = (
			);
			dependencies = (
			);
			name = FreeRadicals;
			productName = FreeRadicals;
			productReference = 12BD0B0B13DA062C0039ACAC /* FreeRadicals.app */;
			productType = "com.apple.product-type.application";
		};
/* End PBXNativeTarget section */

/* Begin PBXProject section */
		12BD0B0213DA062C0039ACAC /* Project object */ = {
			isa = PBXProject;
			buildConfigurationList = 12BD0B0513DA062C0039ACAC /* Build configuration list for PBXProject "FreeRadicals" */;
			compatibilityVersion = "Xcode 3.2";
			developmentRegion = English;
			hasScannedForEncodings = 0;
			knownRegions = (
				en,
			);
			mainGroup = 12BD0B0013DA062C0039ACAC;
			productRefGroup = 12BD0B0C13DA062C0039ACAC /* Products */;
			projectDirPath = "";
			projectRoot = "";
			targets = (
				12BD0B0A13DA062C0039ACAC /* FreeRadicals */,
			);
		};
/* End PBXProject section */

/* Begin PBXResourcesBuildPhase section */
		12BD0B0913DA062C0039ACAC /* Resources */ = {
			isa = PBXResourcesBuildPhase;
			buildActionMask = 2147483647;
			files = (
				12BD0B2213DA062C0039ACAC /* Default.png in Resources */,
				12BD0B2413DA062C0039ACAC /* fps_images.png in Resources */,
				12BD0B2613DA062C0039ACAC /* Icon-72.png in Resources */,
				12BD0B2813DA062C0039ACAC /* Icon-Small-50.png in Resources */,
				12BD0B2A13DA062C0039ACAC /* Icon-Small.png in Resources */,
				12BD0B2C13DA062C0039ACAC /* Icon-Small@2x.png in Resources */,
				12BD0B2E13DA062D0039ACAC /* Icon.png in Resources */,
				12BD0B3013DA062D0039ACAC /* Icon@2x.png in Resources */,
				12BD0B3313DA062D0039ACAC /* iTunesArtwork in Resources */,
				12BD0C8213DA0A310039ACAC /* nucleus.png in Resources */,
				12BD0C8313DA0A310039ACAC /* electron.png in Resources */,
				12BD0C8513DA0A7C0039ACAC /* logo.png in Resources */,
			);
			runOnlyForDeploymentPostprocessing = 0;
		};
/* End PBXResourcesBuildPhase section */

/* Begin PBXSourcesBuildPhase section */
		12BD0B0713DA062C0039ACAC /* Sources */ = {
			isa = PBXSourcesBuildPhase;
			buildActionMask = 2147483647;
			files = (
				12BD0B3813DA062D0039ACAC /* CCAction.m in Sources */,
				12BD0B3B13DA062D0039ACAC /* CCActionCamera.m in Sources */,
				12BD0B3E13DA062D0039ACAC /* CCActionEase.m in Sources */,
				12BD0B4113DA062D0039ACAC /* CCActionGrid.m in Sources */,
				12BD0B4413DA062D0039ACAC /* CCActionGrid3D.m in Sources */,
				12BD0B4713DA062D0039ACAC /* CCActionInstant.m in Sources */,
				12BD0B4A13DA062D0039ACAC /* CCActionInterval.m in Sources */,
				12BD0B4D13DA062D0039ACAC /* CCActionManager.m in Sources */,
				12BD0B5013DA062D0039ACAC /* CCActionPageTurn3D.m in Sources */,
				12BD0B5313DA062D0039ACAC /* CCActionProgressTimer.m in Sources */,
				12BD0B5613DA062D0039ACAC /* CCActionTiledGrid.m in Sources */,
				12BD0B5913DA062D0039ACAC /* CCActionTween.m in Sources */,
				12BD0B5C13DA062D0039ACAC /* CCAnimation.m in Sources */,
				12BD0B5F13DA062D0039ACAC /* CCAnimationCache.m in Sources */,
				12BD0B6213DA062D0039ACAC /* CCAtlasNode.m in Sources */,
				12BD0B6513DA062D0039ACAC /* CCBlockSupport.m in Sources */,
				12BD0B6813DA062D0039ACAC /* CCCamera.m in Sources */,
				12BD0B6C13DA062D0039ACAC /* CCConfiguration.m in Sources */,
				12BD0B6F13DA062D0039ACAC /* CCDirector.m in Sources */,
				12BD0B7213DA062D0039ACAC /* CCDrawingPrimitives.m in Sources */,
				12BD0B7513DA062E0039ACAC /* CCGrabber.m in Sources */,
				12BD0B7813DA062E0039ACAC /* CCGrid.m in Sources */,
				12BD0B7B13DA062E0039ACAC /* CCLabelAtlas.m in Sources */,
				12BD0B7E13DA062E0039ACAC /* CCLabelBMFont.m in Sources */,
				12BD0B8113DA062E0039ACAC /* CCLabelTTF.m in Sources */,
				12BD0B8413DA062E0039ACAC /* CCLayer.m in Sources */,
				12BD0B8813DA062E0039ACAC /* CCMenu.m in Sources */,
				12BD0B8B13DA062E0039ACAC /* CCMenuItem.m in Sources */,
				12BD0B8E13DA062E0039ACAC /* CCMotionStreak.m in Sources */,
				12BD0B9113DA062E0039ACAC /* CCNode.m in Sources */,
				12BD0B9413DA062E0039ACAC /* CCParallaxNode.m in Sources */,
				12BD0B9713DA062E0039ACAC /* CCParticleExamples.m in Sources */,
				12BD0B9A13DA062E0039ACAC /* CCParticleSystem.m in Sources */,
				12BD0B9D13DA062E0039ACAC /* CCParticleSystemPoint.m in Sources */,
				12BD0BA013DA062E0039ACAC /* CCParticleSystemQuad.m in Sources */,
				12BD0BA313DA062E0039ACAC /* CCProgressTimer.m in Sources */,
				12BD0BA713DA062E0039ACAC /* CCRenderTexture.m in Sources */,
				12BD0BAA13DA062E0039ACAC /* CCRibbon.m in Sources */,
				12BD0BAD13DA062E0039ACAC /* CCScene.m in Sources */,
				12BD0BB013DA062E0039ACAC /* CCScheduler.m in Sources */,
				12BD0BB313DA062E0039ACAC /* CCSprite.m in Sources */,
				12BD0BB613DA062E0039ACAC /* CCSpriteBatchNode.m in Sources */,
				12BD0BB913DA062E0039ACAC /* CCSpriteFrame.m in Sources */,
				12BD0BBC13DA062E0039ACAC /* CCSpriteFrameCache.m in Sources */,
				12BD0BBF13DA062E0039ACAC /* CCTexture2D.m in Sources */,
				12BD0BC213DA062E0039ACAC /* CCTextureAtlas.m in Sources */,
				12BD0BC513DA062E0039ACAC /* CCTextureCache.m in Sources */,
				12BD0BC813DA062E0039ACAC /* CCTexturePVR.m in Sources */,
				12BD0BCB13DA062E0039ACAC /* CCTileMapAtlas.m in Sources */,
				12BD0BCE13DA062E0039ACAC /* CCTMXLayer.m in Sources */,
				12BD0BD113DA062E0039ACAC /* CCTMXObjectGroup.m in Sources */,
				12BD0BD413DA062E0039ACAC /* CCTMXTiledMap.m in Sources */,
				12BD0BD713DA062E0039ACAC /* CCTMXXMLParser.m in Sources */,
				12BD0BDA13DA062F0039ACAC /* CCTransition.m in Sources */,
				12BD0BDD13DA062F0039ACAC /* CCTransitionPageTurn.m in Sources */,
				12BD0BE013DA062F0039ACAC /* CCTransitionRadial.m in Sources */,
				12BD0BE413DA062F0039ACAC /* cocos2d.m in Sources */,
				12BD0BEB13DA062F0039ACAC /* CCDirectorIOS.m in Sources */,
				12BD0BEF13DA062F0039ACAC /* CCTouchDispatcher.m in Sources */,
				12BD0BF213DA062F0039ACAC /* CCTouchHandler.m in Sources */,
				12BD0BF513DA062F0039ACAC /* EAGLView.m in Sources */,
				12BD0BF813DA062F0039ACAC /* ES1Renderer.m in Sources */,
				12BD0BFB13DA062F0039ACAC /* glu.c in Sources */,
				12BD0C0013DA062F0039ACAC /* CCDirectorMac.m in Sources */,
				12BD0C0313DA062F0039ACAC /* CCEventDispatcher.m in Sources */,
				12BD0C0613DA062F0039ACAC /* MacGLView.m in Sources */,
				12BD0C0913DA062F0039ACAC /* MacWindow.m in Sources */,
				12BD0C0C13DA062F0039ACAC /* base64.c in Sources */,
				12BD0C1013DA062F0039ACAC /* CCArray.m in Sources */,
				12BD0C1413DA062F0039ACAC /* CCFileUtils.m in Sources */,
				12BD0C1713DA062F0039ACAC /* CCProfiling.m in Sources */,
				12BD0C1913DA062F0039ACAC /* ccUtils.c in Sources */,
				12BD0C1D13DA062F0039ACAC /* CGPointExtension.m in Sources */,
				12BD0C2113DA062F0039ACAC /* TGAlib.m in Sources */,
				12BD0C2413DA062F0039ACAC /* TransformUtils.m in Sources */,
				12BD0C2913DA062F0039ACAC /* ZipUtils.m in Sources */,
				12BD0C2E13DA062F0039ACAC /* CDAudioManager.m in Sources */,
				12BD0C3213DA062F0039ACAC /* CDOpenALSupport.m in Sources */,
				12BD0C3513DA06300039ACAC /* CocosDenshion.m in Sources */,
				12BD0C3813DA06300039ACAC /* SimpleAudioEngine.m in Sources */,
				12BD0C3D13DA06300039ACAC /* CLScoreServerPost.m in Sources */,
				12BD0C4013DA06300039ACAC /* CLScoreServerRequest.m in Sources */,
				12BD0C4313DA06300039ACAC /* cocoslive.m in Sources */,
				12BD0C4813DA06300039ACAC /* CDataScanner.m in Sources */,
				12BD0C4C13DA06300039ACAC /* CDataScanner_Extensions.m in Sources */,
				12BD0C4F13DA06300039ACAC /* NSDictionary_JSONExtensions.m in Sources */,
				12BD0C5313DA06300039ACAC /* CJSONDeserializer.m in Sources */,
				12BD0C5613DA06300039ACAC /* CJSONScanner.m in Sources */,
				12BD0C5913DA06300039ACAC /* CJSONSerializer.m in Sources */,
				12BD0C5E13DA06300039ACAC /* FontLabel.m in Sources */,
				12BD0C6113DA06300039ACAC /* FontLabelStringDrawing.m in Sources */,
				12BD0C6413DA06300039ACAC /* FontManager.m in Sources */,
				12BD0C6713DA06300039ACAC /* ZAttributedString.m in Sources */,
				12BD0C6B13DA06300039ACAC /* ZFont.m in Sources */,
				12BD0C7013DA06300039ACAC /* main.m in Sources */,
				12BD0C7313DA06300039ACAC /* AppDelegate.m in Sources */,
				12BD0C7613DA06300039ACAC /* RootViewController.m in Sources */,
				12BD0C7913DA06300039ACAC /* HelloWorldLayer.m in Sources */,
			);
			runOnlyForDeploymentPostprocessing = 0;
		};
/* End PBXSourcesBuildPhase section */

/* Begin XCBuildConfiguration section */
		12BD0C7B13DA06300039ACAC /* Debug */ = {
			isa = XCBuildConfiguration;
			buildSettings = {
				ARCHS = "$(ARCHS_STANDARD_32_BIT)";
				"CODE_SIGN_IDENTITY[sdk=iphoneos*]" = "iPhone Developer";
				GCC_C_LANGUAGE_STANDARD = gnu99;
				GCC_OPTIMIZATION_LEVEL = 0;
				GCC_PREPROCESSOR_DEFINITIONS = (
					DEBUG,
					"COCOS2D_DEBUG=1",
				);
				GCC_SYMBOLS_PRIVATE_EXTERN = NO;
				GCC_VERSION = com.apple.compilers.llvmgcc42;
				GCC_WARN_ABOUT_RETURN_TYPE = YES;
				GCC_WARN_UNUSED_VARIABLE = YES;
				IPHONEOS_DEPLOYMENT_TARGET = 4.3;
				SDKROOT = iphoneos;
			};
			name = Debug;
		};
		12BD0C7C13DA06300039ACAC /* Release */ = {
			isa = XCBuildConfiguration;
			buildSettings = {
				ARCHS = "$(ARCHS_STANDARD_32_BIT)";
				"CODE_SIGN_IDENTITY[sdk=iphoneos*]" = "iPhone Developer";
				GCC_C_LANGUAGE_STANDARD = gnu99;
				GCC_PREPROCESSOR_DEFINITIONS = NDEBUG;
				GCC_VERSION = com.apple.compilers.llvmgcc42;
				GCC_WARN_ABOUT_RETURN_TYPE = YES;
				GCC_WARN_UNUSED_VARIABLE = YES;
				IPHONEOS_DEPLOYMENT_TARGET = 4.3;
				OTHER_CFLAGS = "-DNS_BLOCK_ASSERTIONS=1";
				SDKROOT = iphoneos;
			};
			name = Release;
		};
		12BD0C7E13DA06300039ACAC /* Debug */ = {
			isa = XCBuildConfiguration;
			buildSettings = {
				ALWAYS_SEARCH_USER_PATHS = NO;
				COPY_PHASE_STRIP = NO;
				GCC_DYNAMIC_NO_PIC = NO;
				GCC_PRECOMPILE_PREFIX_HEADER = YES;
				GCC_PREFIX_HEADER = FreeRadicals/Prefix.pch;
				"GCC_THUMB_SUPPORT[arch=armv6]" = "";
				INFOPLIST_FILE = FreeRadicals/Resources/Info.plist;
				OTHER_LDFLAGS = "-lz";
				PRODUCT_NAME = "$(TARGET_NAME)";
				WRAPPER_EXTENSION = app;
			};
			name = Debug;
		};
		12BD0C7F13DA06300039ACAC /* Release */ = {
			isa = XCBuildConfiguration;
			buildSettings = {
				ALWAYS_SEARCH_USER_PATHS = NO;
				COPY_PHASE_STRIP = YES;
				GCC_PRECOMPILE_PREFIX_HEADER = YES;
				GCC_PREFIX_HEADER = FreeRadicals/Prefix.pch;
				"GCC_THUMB_SUPPORT[arch=armv6]" = "";
				INFOPLIST_FILE = FreeRadicals/Resources/Info.plist;
				OTHER_LDFLAGS = "-lz";
				PRODUCT_NAME = "$(TARGET_NAME)";
				VALIDATE_PRODUCT = YES;
				WRAPPER_EXTENSION = app;
			};
			name = Release;
		};
/* End XCBuildConfiguration section */

/* Begin XCConfigurationList section */
		12BD0B0513DA062C0039ACAC /* Build configuration list for PBXProject "FreeRadicals" */ = {
			isa = XCConfigurationList;
			buildConfigurations = (
				12BD0C7B13DA06300039ACAC /* Debug */,
				12BD0C7C13DA06300039ACAC /* Release */,
			);
			defaultConfigurationIsVisible = 0;
			defaultConfigurationName = Release;
		};
		12BD0C7D13DA06300039ACAC /* Build configuration list for PBXNativeTarget "FreeRadicals" */ = {
			isa = XCConfigurationList;
			buildConfigurations = (
				12BD0C7E13DA06300039ACAC /* Debug */,
				12BD0C7F13DA06300039ACAC /* Release */,
			);
			defaultConfigurationIsVisible = 0;
		};
/* End XCConfigurationList section */
	};
	rootObject = 12BD0B0213DA062C0039ACAC /* Project object */;
}
